// !$*UTF8*$!
{
	archiveVersion = 1;
	classes = {
	};
	objectVersion = 50;
	objects = {

/* Begin PBXBuildFile section */
		36091BCD237D131D00551509 /* libx264.a in Frameworks */ = {isa = PBXBuildFile; fileRef = 36091BC1237D131D00551509 /* libx264.a */; };
		36091BCE237D131D00551509 /* libfdk-aac.a in Frameworks */ = {isa = PBXBuildFile; fileRef = 36091BCC237D131D00551509 /* libfdk-aac.a */; };
		3609D563237D975C00D7286F /* VideoRefreshThread.cpp in Sources */ = {isa = PBXBuildFile; fileRef = 3609D559237D975C00D7286F /* VideoRefreshThread.cpp */; };
		3609D564237D975C00D7286F /* AudioDecodeThread.cpp in Sources */ = {isa = PBXBuildFile; fileRef = 3609D55A237D975C00D7286F /* AudioDecodeThread.cpp */; };
		3609D565237D975C00D7286F /* AudioRefreshThread.cpp in Sources */ = {isa = PBXBuildFile; fileRef = 3609D55B237D975C00D7286F /* AudioRefreshThread.cpp */; };
		3609D566237D975C00D7286F /* DemuxThread.cpp in Sources */ = {isa = PBXBuildFile; fileRef = 3609D55C237D975C00D7286F /* DemuxThread.cpp */; };
		3609D567237D975C00D7286F /* VedioDecodeThread.cpp in Sources */ = {isa = PBXBuildFile; fileRef = 3609D55D237D975C00D7286F /* VedioDecodeThread.cpp */; };
		3609D56A237D976B00D7286F /* PPlayer.cpp in Sources */ = {isa = PBXBuildFile; fileRef = 3609D569237D976B00D7286F /* PPlayer.cpp */; };
		3609D56D237D984100D7286F /* MediaDefineInfo.cpp in Sources */ = {isa = PBXBuildFile; fileRef = 3609D56B237D984100D7286F /* MediaDefineInfo.cpp */; };
		3609D5B9237DA34100D7286F /* AyncClock.cpp in Sources */ = {isa = PBXBuildFile; fileRef = 3609D5B8237DA34000D7286F /* AyncClock.cpp */; };
		36B09238237CCC43004D7D84 /* AppDelegate.m in Sources */ = {isa = PBXBuildFile; fileRef = 36B09237237CCC43004D7D84 /* AppDelegate.m */; };
		36B0923B237CCC43004D7D84 /* ViewController.m in Sources */ = {isa = PBXBuildFile; fileRef = 36B0923A237CCC43004D7D84 /* ViewController.m */; };
		36B0923E237CCC43004D7D84 /* Main.storyboard in Resources */ = {isa = PBXBuildFile; fileRef = 36B0923C237CCC43004D7D84 /* Main.storyboard */; };
		36B09240237CCC44004D7D84 /* Assets.xcassets in Resources */ = {isa = PBXBuildFile; fileRef = 36B0923F237CCC44004D7D84 /* Assets.xcassets */; };
		36B09243237CCC44004D7D84 /* LaunchScreen.storyboard in Resources */ = {isa = PBXBuildFile; fileRef = 36B09241237CCC44004D7D84 /* LaunchScreen.storyboard */; };
		36B09246237CCC44004D7D84 /* main.m in Sources */ = {isa = PBXBuildFile; fileRef = 36B09245237CCC44004D7D84 /* main.m */; };
		36B09250237CCC44004D7D84 /* PPlayerTests.m in Sources */ = {isa = PBXBuildFile; fileRef = 36B0924F237CCC44004D7D84 /* PPlayerTests.m */; };
		36B0925B237CCC45004D7D84 /* PPlayerUITests.m in Sources */ = {isa = PBXBuildFile; fileRef = 36B0925A237CCC45004D7D84 /* PPlayerUITests.m */; };
		36B092C2237CD251004D7D84 /* SDL_config.h.cmake in Resources */ = {isa = PBXBuildFile; fileRef = 36B09291237CD250004D7D84 /* SDL_config.h.cmake */; };
		36B092C3237CD251004D7D84 /* SDL_config.h.in in Resources */ = {isa = PBXBuildFile; fileRef = 36B092B3237CD251004D7D84 /* SDL_config.h.in */; };
		36B092C4237CD251004D7D84 /* libSDL2.a in Frameworks */ = {isa = PBXBuildFile; fileRef = 36B092C1237CD251004D7D84 /* libSDL2.a */; };
		36B092C7237CD263004D7D84 /* AudioToolbox.framework in Frameworks */ = {isa = PBXBuildFile; fileRef = 36B092C6237CD263004D7D84 /* AudioToolbox.framework */; };
		36B092C9237CD269004D7D84 /* VideoToolbox.framework in Frameworks */ = {isa = PBXBuildFile; fileRef = 36B092C8237CD269004D7D84 /* VideoToolbox.framework */; };
		36B092CB237CD5F6004D7D84 /* libiconv.tbd in Frameworks */ = {isa = PBXBuildFile; fileRef = 36B092CA237CD5F6004D7D84 /* libiconv.tbd */; };
		36B092CD237CD603004D7D84 /* libbz2.tbd in Frameworks */ = {isa = PBXBuildFile; fileRef = 36B092CC237CD603004D7D84 /* libbz2.tbd */; };
		36B092CF237CD60E004D7D84 /* libz.tbd in Frameworks */ = {isa = PBXBuildFile; fileRef = 36B092CE237CD60E004D7D84 /* libz.tbd */; };
		36B09352237CD965004D7D84 /* libavutil.a in Frameworks */ = {isa = PBXBuildFile; fileRef = 36B0934B237CD965004D7D84 /* libavutil.a */; };
		36B09353237CD965004D7D84 /* libavfilter.a in Frameworks */ = {isa = PBXBuildFile; fileRef = 36B0934C237CD965004D7D84 /* libavfilter.a */; };
		36B09354237CD965004D7D84 /* libavcodec.a in Frameworks */ = {isa = PBXBuildFile; fileRef = 36B0934D237CD965004D7D84 /* libavcodec.a */; };
		36B09355237CD965004D7D84 /* libavformat.a in Frameworks */ = {isa = PBXBuildFile; fileRef = 36B0934E237CD965004D7D84 /* libavformat.a */; };
		36B09356237CD965004D7D84 /* libavdevice.a in Frameworks */ = {isa = PBXBuildFile; fileRef = 36B0934F237CD965004D7D84 /* libavdevice.a */; };
		36B09357237CD965004D7D84 /* libswresample.a in Frameworks */ = {isa = PBXBuildFile; fileRef = 36B09350237CD965004D7D84 /* libswresample.a */; };
		36B09358237CD965004D7D84 /* libswscale.a in Frameworks */ = {isa = PBXBuildFile; fileRef = 36B09351237CD965004D7D84 /* libswscale.a */; };
/* End PBXBuildFile section */

/* Begin PBXContainerItemProxy section */
		36B0924C237CCC44004D7D84 /* PBXContainerItemProxy */ = {
			isa = PBXContainerItemProxy;
			containerPortal = 36B0922B237CCC43004D7D84 /* Project object */;
			proxyType = 1;
			remoteGlobalIDString = 36B09232237CCC43004D7D84;
			remoteInfo = PPlayer;
		};
		36B09257237CCC45004D7D84 /* PBXContainerItemProxy */ = {
			isa = PBXContainerItemProxy;
			containerPortal = 36B0922B237CCC43004D7D84 /* Project object */;
			proxyType = 1;
			remoteGlobalIDString = 36B09232237CCC43004D7D84;
			remoteInfo = PPlayer;
		};
/* End PBXContainerItemProxy section */

/* Begin PBXFileReference section */
		36091BBE237D131D00551509 /* x264_config.h */ = {isa = PBXFileReference; fileEncoding = 4; lastKnownFileType = sourcecode.c.h; path = x264_config.h; sourceTree = "<group>"; };
		36091BBF237D131D00551509 /* x264.h */ = {isa = PBXFileReference; fileEncoding = 4; lastKnownFileType = sourcecode.c.h; path = x264.h; sourceTree = "<group>"; };
		36091BC1237D131D00551509 /* libx264.a */ = {isa = PBXFileReference; lastKnownFileType = archive.ar; path = libx264.a; sourceTree = "<group>"; };
		36091BC5237D131D00551509 /* syslib_channelMapDescr.h */ = {isa = PBXFileReference; fileEncoding = 4; lastKnownFileType = sourcecode.c.h; path = syslib_channelMapDescr.h; sourceTree = "<group>"; };
		36091BC6237D131D00551509 /* aacdecoder_lib.h */ = {isa = PBXFileReference; fileEncoding = 4; lastKnownFileType = sourcecode.c.h; path = aacdecoder_lib.h; sourceTree = "<group>"; };
		36091BC7237D131D00551509 /* machine_type.h */ = {isa = PBXFileReference; fileEncoding = 4; lastKnownFileType = sourcecode.c.h; path = machine_type.h; sourceTree = "<group>"; };
		36091BC8237D131D00551509 /* aacenc_lib.h */ = {isa = PBXFileReference; fileEncoding = 4; lastKnownFileType = sourcecode.c.h; path = aacenc_lib.h; sourceTree = "<group>"; };
		36091BC9237D131D00551509 /* genericStds.h */ = {isa = PBXFileReference; fileEncoding = 4; lastKnownFileType = sourcecode.c.h; path = genericStds.h; sourceTree = "<group>"; };
		36091BCA237D131D00551509 /* FDK_audio.h */ = {isa = PBXFileReference; fileEncoding = 4; lastKnownFileType = sourcecode.c.h; path = FDK_audio.h; sourceTree = "<group>"; };
		36091BCC237D131D00551509 /* libfdk-aac.a */ = {isa = PBXFileReference; lastKnownFileType = archive.ar; path = "libfdk-aac.a"; sourceTree = "<group>"; };
		3609D559237D975C00D7286F /* VideoRefreshThread.cpp */ = {isa = PBXFileReference; fileEncoding = 4; lastKnownFileType = sourcecode.cpp.cpp; path = VideoRefreshThread.cpp; sourceTree = "<group>"; };
		3609D55A237D975C00D7286F /* AudioDecodeThread.cpp */ = {isa = PBXFileReference; fileEncoding = 4; lastKnownFileType = sourcecode.cpp.cpp; path = AudioDecodeThread.cpp; sourceTree = "<group>"; };
		3609D55B237D975C00D7286F /* AudioRefreshThread.cpp */ = {isa = PBXFileReference; fileEncoding = 4; lastKnownFileType = sourcecode.cpp.cpp; path = AudioRefreshThread.cpp; sourceTree = "<group>"; };
		3609D55C237D975C00D7286F /* DemuxThread.cpp */ = {isa = PBXFileReference; fileEncoding = 4; lastKnownFileType = sourcecode.cpp.cpp; path = DemuxThread.cpp; sourceTree = "<group>"; };
		3609D55D237D975C00D7286F /* VedioDecodeThread.cpp */ = {isa = PBXFileReference; fileEncoding = 4; lastKnownFileType = sourcecode.cpp.cpp; path = VedioDecodeThread.cpp; sourceTree = "<group>"; };
		3609D55E237D975C00D7286F /* DemuxThread.h */ = {isa = PBXFileReference; fileEncoding = 4; lastKnownFileType = sourcecode.c.h; path = DemuxThread.h; sourceTree = "<group>"; };
		3609D55F237D975C00D7286F /* VedioDecodeThread.h */ = {isa = PBXFileReference; fileEncoding = 4; lastKnownFileType = sourcecode.c.h; path = VedioDecodeThread.h; sourceTree = "<group>"; };
		3609D560237D975C00D7286F /* VideoRefreshThread.h */ = {isa = PBXFileReference; fileEncoding = 4; lastKnownFileType = sourcecode.c.h; path = VideoRefreshThread.h; sourceTree = "<group>"; };
		3609D561237D975C00D7286F /* AudioDecodeThread.h */ = {isa = PBXFileReference; fileEncoding = 4; lastKnownFileType = sourcecode.c.h; path = AudioDecodeThread.h; sourceTree = "<group>"; };
		3609D562237D975C00D7286F /* AudioRefreshThread.h */ = {isa = PBXFileReference; fileEncoding = 4; lastKnownFileType = sourcecode.c.h; path = AudioRefreshThread.h; sourceTree = "<group>"; };
		3609D568237D976B00D7286F /* PPlayer.h */ = {isa = PBXFileReference; fileEncoding = 4; lastKnownFileType = sourcecode.c.h; path = PPlayer.h; sourceTree = "<group>"; };
		3609D569237D976B00D7286F /* PPlayer.cpp */ = {isa = PBXFileReference; fileEncoding = 4; lastKnownFileType = sourcecode.cpp.cpp; path = PPlayer.cpp; sourceTree = "<group>"; };
		3609D56B237D984100D7286F /* MediaDefineInfo.cpp */ = {isa = PBXFileReference; fileEncoding = 4; lastKnownFileType = sourcecode.cpp.cpp; path = MediaDefineInfo.cpp; sourceTree = "<group>"; };
		3609D56C237D984100D7286F /* MediaDefineInfo.h */ = {isa = PBXFileReference; fileEncoding = 4; lastKnownFileType = sourcecode.c.h; path = MediaDefineInfo.h; sourceTree = "<group>"; };
		3609D5B7237DA34000D7286F /* AyncClock.h */ = {isa = PBXFileReference; fileEncoding = 4; lastKnownFileType = sourcecode.c.h; path = AyncClock.h; sourceTree = "<group>"; };
		3609D5B8237DA34000D7286F /* AyncClock.cpp */ = {isa = PBXFileReference; fileEncoding = 4; lastKnownFileType = sourcecode.cpp.cpp; path = AyncClock.cpp; sourceTree = "<group>"; };
		36B09233237CCC43004D7D84 /* PPlayer.app */ = {isa = PBXFileReference; explicitFileType = wrapper.application; includeInIndex = 0; path = PPlayer.app; sourceTree = BUILT_PRODUCTS_DIR; };
		36B09236237CCC43004D7D84 /* AppDelegate.h */ = {isa = PBXFileReference; lastKnownFileType = sourcecode.c.h; path = AppDelegate.h; sourceTree = "<group>"; };
		36B09237237CCC43004D7D84 /* AppDelegate.m */ = {isa = PBXFileReference; lastKnownFileType = sourcecode.c.objc; path = AppDelegate.m; sourceTree = "<group>"; };
		36B09239237CCC43004D7D84 /* ViewController.h */ = {isa = PBXFileReference; lastKnownFileType = sourcecode.c.h; path = ViewController.h; sourceTree = "<group>"; };
		36B0923A237CCC43004D7D84 /* ViewController.m */ = {isa = PBXFileReference; lastKnownFileType = sourcecode.c.objc; path = ViewController.m; sourceTree = "<group>"; };
		36B0923D237CCC43004D7D84 /* Base */ = {isa = PBXFileReference; lastKnownFileType = file.storyboard; name = Base; path = Base.lproj/Main.storyboard; sourceTree = "<group>"; };
		36B0923F237CCC44004D7D84 /* Assets.xcassets */ = {isa = PBXFileReference; lastKnownFileType = folder.assetcatalog; path = Assets.xcassets; sourceTree = "<group>"; };
		36B09242237CCC44004D7D84 /* Base */ = {isa = PBXFileReference; lastKnownFileType = file.storyboard; name = Base; path = Base.lproj/LaunchScreen.storyboard; sourceTree = "<group>"; };
		36B09244237CCC44004D7D84 /* Info.plist */ = {isa = PBXFileReference; lastKnownFileType = text.plist.xml; path = Info.plist; sourceTree = "<group>"; };
		36B09245237CCC44004D7D84 /* main.m */ = {isa = PBXFileReference; lastKnownFileType = sourcecode.c.objc; path = main.m; sourceTree = "<group>"; };
		36B0924B237CCC44004D7D84 /* PPlayerTests.xctest */ = {isa = PBXFileReference; explicitFileType = wrapper.cfbundle; includeInIndex = 0; path = PPlayerTests.xctest; sourceTree = BUILT_PRODUCTS_DIR; };
		36B0924F237CCC44004D7D84 /* PPlayerTests.m */ = {isa = PBXFileReference; lastKnownFileType = sourcecode.c.objc; path = PPlayerTests.m; sourceTree = "<group>"; };
		36B09251237CCC44004D7D84 /* Info.plist */ = {isa = PBXFileReference; lastKnownFileType = text.plist.xml; path = Info.plist; sourceTree = "<group>"; };
		36B09256237CCC45004D7D84 /* PPlayerUITests.xctest */ = {isa = PBXFileReference; explicitFileType = wrapper.cfbundle; includeInIndex = 0; path = PPlayerUITests.xctest; sourceTree = BUILT_PRODUCTS_DIR; };
		36B0925A237CCC45004D7D84 /* PPlayerUITests.m */ = {isa = PBXFileReference; lastKnownFileType = sourcecode.c.objc; path = PPlayerUITests.m; sourceTree = "<group>"; };
		36B0925C237CCC45004D7D84 /* Info.plist */ = {isa = PBXFileReference; lastKnownFileType = text.plist.xml; path = Info.plist; sourceTree = "<group>"; };
		36B0926C237CD250004D7D84 /* SDL_opengles2_gl2ext.h */ = {isa = PBXFileReference; fileEncoding = 4; lastKnownFileType = sourcecode.c.h; path = SDL_opengles2_gl2ext.h; sourceTree = "<group>"; };
		36B0926D237CD250004D7D84 /* SDL_test_random.h */ = {isa = PBXFileReference; fileEncoding = 4; lastKnownFileType = sourcecode.c.h; path = SDL_test_random.h; sourceTree = "<group>"; };
		36B0926E237CD250004D7D84 /* SDL_power.h */ = {isa = PBXFileReference; fileEncoding = 4; lastKnownFileType = sourcecode.c.h; path = SDL_power.h; sourceTree = "<group>"; };
		36B0926F237CD250004D7D84 /* SDL_revision.h */ = {isa = PBXFileReference; fileEncoding = 4; lastKnownFileType = sourcecode.c.h; path = SDL_revision.h; sourceTree = "<group>"; };
		36B09270237CD250004D7D84 /* SDL_events.h */ = {isa = PBXFileReference; fileEncoding = 4; lastKnownFileType = sourcecode.c.h; path = SDL_events.h; sourceTree = "<group>"; };
		36B09271237CD250004D7D84 /* SDL_clipboard.h */ = {isa = PBXFileReference; fileEncoding = 4; lastKnownFileType = sourcecode.c.h; path = SDL_clipboard.h; sourceTree = "<group>"; };
		36B09272237CD250004D7D84 /* SDL_haptic.h */ = {isa = PBXFileReference; fileEncoding = 4; lastKnownFileType = sourcecode.c.h; path = SDL_haptic.h; sourceTree = "<group>"; };
		36B09273237CD250004D7D84 /* SDL_test.h */ = {isa = PBXFileReference; fileEncoding = 4; lastKnownFileType = sourcecode.c.h; path = SDL_test.h; sourceTree = "<group>"; };
		36B09274237CD250004D7D84 /* SDL_test_assert.h */ = {isa = PBXFileReference; fileEncoding = 4; lastKnownFileType = sourcecode.c.h; path = SDL_test_assert.h; sourceTree = "<group>"; };
		36B09275237CD250004D7D84 /* SDL_endian.h */ = {isa = PBXFileReference; fileEncoding = 4; lastKnownFileType = sourcecode.c.h; path = SDL_endian.h; sourceTree = "<group>"; };
		36B09276237CD250004D7D84 /* SDL_error.h */ = {isa = PBXFileReference; fileEncoding = 4; lastKnownFileType = sourcecode.c.h; path = SDL_error.h; sourceTree = "<group>"; };
		36B09277237CD250004D7D84 /* begin_code.h */ = {isa = PBXFileReference; fileEncoding = 4; lastKnownFileType = sourcecode.c.h; path = begin_code.h; sourceTree = "<group>"; };
		36B09278237CD250004D7D84 /* SDL_types.h */ = {isa = PBXFileReference; fileEncoding = 4; lastKnownFileType = sourcecode.c.h; path = SDL_types.h; sourceTree = "<group>"; };
		36B09279237CD250004D7D84 /* SDL_keycode.h */ = {isa = PBXFileReference; fileEncoding = 4; lastKnownFileType = sourcecode.c.h; path = SDL_keycode.h; sourceTree = "<group>"; };
		36B0927A237CD250004D7D84 /* SDL_keyboard.h */ = {isa = PBXFileReference; fileEncoding = 4; lastKnownFileType = sourcecode.c.h; path = SDL_keyboard.h; sourceTree = "<group>"; };
		36B0927B237CD250004D7D84 /* SDL_config_psp.h */ = {isa = PBXFileReference; fileEncoding = 4; lastKnownFileType = sourcecode.c.h; path = SDL_config_psp.h; sourceTree = "<group>"; };
		36B0927C237CD250004D7D84 /* SDL_opengl_glext.h */ = {isa = PBXFileReference; fileEncoding = 4; lastKnownFileType = sourcecode.c.h; path = SDL_opengl_glext.h; sourceTree = "<group>"; };
		36B0927D237CD250004D7D84 /* SDL_config_pandora.h */ = {isa = PBXFileReference; fileEncoding = 4; lastKnownFileType = sourcecode.c.h; path = SDL_config_pandora.h; sourceTree = "<group>"; };
		36B0927E237CD250004D7D84 /* SDL_test_crc32.h */ = {isa = PBXFileReference; fileEncoding = 4; lastKnownFileType = sourcecode.c.h; path = SDL_test_crc32.h; sourceTree = "<group>"; };
		36B0927F237CD250004D7D84 /* SDL_test_font.h */ = {isa = PBXFileReference; fileEncoding = 4; lastKnownFileType = sourcecode.c.h; path = SDL_test_font.h; sourceTree = "<group>"; };
		36B09280237CD250004D7D84 /* SDL_test_log.h */ = {isa = PBXFileReference; fileEncoding = 4; lastKnownFileType = sourcecode.c.h; path = SDL_test_log.h; sourceTree = "<group>"; };
		36B09281237CD250004D7D84 /* SDL_egl.h */ = {isa = PBXFileReference; fileEncoding = 4; lastKnownFileType = sourcecode.c.h; path = SDL_egl.h; sourceTree = "<group>"; };
		36B09282237CD250004D7D84 /* SDL_vulkan.h */ = {isa = PBXFileReference; fileEncoding = 4; lastKnownFileType = sourcecode.c.h; path = SDL_vulkan.h; sourceTree = "<group>"; };
		36B09283237CD250004D7D84 /* SDL_test_memory.h */ = {isa = PBXFileReference; fileEncoding = 4; lastKnownFileType = sourcecode.c.h; path = SDL_test_memory.h; sourceTree = "<group>"; };
		36B09284237CD250004D7D84 /* SDL_main.h */ = {isa = PBXFileReference; fileEncoding = 4; lastKnownFileType = sourcecode.c.h; path = SDL_main.h; sourceTree = "<group>"; };
		36B09285237CD250004D7D84 /* SDL_stdinc.h */ = {isa = PBXFileReference; fileEncoding = 4; lastKnownFileType = sourcecode.c.h; path = SDL_stdinc.h; sourceTree = "<group>"; };
		36B09286237CD250004D7D84 /* SDL_scancode.h */ = {isa = PBXFileReference; fileEncoding = 4; lastKnownFileType = sourcecode.c.h; path = SDL_scancode.h; sourceTree = "<group>"; };
		36B09287237CD250004D7D84 /* SDL_quit.h */ = {isa = PBXFileReference; fileEncoding = 4; lastKnownFileType = sourcecode.c.h; path = SDL_quit.h; sourceTree = "<group>"; };
		36B09288237CD250004D7D84 /* SDL_config_android.h */ = {isa = PBXFileReference; fileEncoding = 4; lastKnownFileType = sourcecode.c.h; path = SDL_config_android.h; sourceTree = "<group>"; };
		36B09289237CD250004D7D84 /* SDL_touch.h */ = {isa = PBXFileReference; fileEncoding = 4; lastKnownFileType = sourcecode.c.h; path = SDL_touch.h; sourceTree = "<group>"; };
		36B0928A237CD250004D7D84 /* SDL_opengles2.h */ = {isa = PBXFileReference; fileEncoding = 4; lastKnownFileType = sourcecode.c.h; path = SDL_opengles2.h; sourceTree = "<group>"; };
		36B0928B237CD250004D7D84 /* SDL_config_winrt.h */ = {isa = PBXFileReference; fileEncoding = 4; lastKnownFileType = sourcecode.c.h; path = SDL_config_winrt.h; sourceTree = "<group>"; };
		36B0928C237CD250004D7D84 /* SDL_test_images.h */ = {isa = PBXFileReference; fileEncoding = 4; lastKnownFileType = sourcecode.c.h; path = SDL_test_images.h; sourceTree = "<group>"; };
		36B0928D237CD250004D7D84 /* SDL_name.h */ = {isa = PBXFileReference; fileEncoding = 4; lastKnownFileType = sourcecode.c.h; path = SDL_name.h; sourceTree = "<group>"; };
		36B0928E237CD250004D7D84 /* SDL_platform.h */ = {isa = PBXFileReference; fileEncoding = 4; lastKnownFileType = sourcecode.c.h; path = SDL_platform.h; sourceTree = "<group>"; };
		36B0928F237CD250004D7D84 /* SDL_shape.h */ = {isa = PBXFileReference; fileEncoding = 4; lastKnownFileType = sourcecode.c.h; path = SDL_shape.h; sourceTree = "<group>"; };
		36B09290237CD250004D7D84 /* SDL_config_minimal.h */ = {isa = PBXFileReference; fileEncoding = 4; lastKnownFileType = sourcecode.c.h; path = SDL_config_minimal.h; sourceTree = "<group>"; };
		36B09291237CD250004D7D84 /* SDL_config.h.cmake */ = {isa = PBXFileReference; fileEncoding = 4; lastKnownFileType = text; path = SDL_config.h.cmake; sourceTree = "<group>"; };
		36B09292237CD250004D7D84 /* SDL_loadso.h */ = {isa = PBXFileReference; fileEncoding = 4; lastKnownFileType = sourcecode.c.h; path = SDL_loadso.h; sourceTree = "<group>"; };
		36B09293237CD250004D7D84 /* SDL_config_macosx.h */ = {isa = PBXFileReference; fileEncoding = 4; lastKnownFileType = sourcecode.c.h; path = SDL_config_macosx.h; sourceTree = "<group>"; };
		36B09294237CD250004D7D84 /* SDL_test_common.h */ = {isa = PBXFileReference; fileEncoding = 4; lastKnownFileType = sourcecode.c.h; path = SDL_test_common.h; sourceTree = "<group>"; };
		36B09295237CD250004D7D84 /* SDL_config.h */ = {isa = PBXFileReference; fileEncoding = 4; lastKnownFileType = sourcecode.c.h; path = SDL_config.h; sourceTree = "<group>"; };
		36B09296237CD250004D7D84 /* SDL_audio.h */ = {isa = PBXFileReference; fileEncoding = 4; lastKnownFileType = sourcecode.c.h; path = SDL_audio.h; sourceTree = "<group>"; };
		36B09297237CD250004D7D84 /* SDL_opengl.h */ = {isa = PBXFileReference; fileEncoding = 4; lastKnownFileType = sourcecode.c.h; path = SDL_opengl.h; sourceTree = "<group>"; };
		36B09298237CD250004D7D84 /* SDL_blendmode.h */ = {isa = PBXFileReference; fileEncoding = 4; lastKnownFileType = sourcecode.c.h; path = SDL_blendmode.h; sourceTree = "<group>"; };
		36B09299237CD250004D7D84 /* SDL_gesture.h */ = {isa = PBXFileReference; fileEncoding = 4; lastKnownFileType = sourcecode.c.h; path = SDL_gesture.h; sourceTree = "<group>"; };
		36B0929A237CD250004D7D84 /* SDL_test_fuzzer.h */ = {isa = PBXFileReference; fileEncoding = 4; lastKnownFileType = sourcecode.c.h; path = SDL_test_fuzzer.h; sourceTree = "<group>"; };
		36B0929B237CD250004D7D84 /* SDL_config_iphoneos.h */ = {isa = PBXFileReference; fileEncoding = 4; lastKnownFileType = sourcecode.c.h; path = SDL_config_iphoneos.h; sourceTree = "<group>"; };
		36B0929C237CD250004D7D84 /* SDL_opengles.h */ = {isa = PBXFileReference; fileEncoding = 4; lastKnownFileType = sourcecode.c.h; path = SDL_opengles.h; sourceTree = "<group>"; };
		36B0929D237CD250004D7D84 /* SDL_system.h */ = {isa = PBXFileReference; fileEncoding = 4; lastKnownFileType = sourcecode.c.h; path = SDL_system.h; sourceTree = "<group>"; };
		36B0929E237CD251004D7D84 /* SDL_hints.h */ = {isa = PBXFileReference; fileEncoding = 4; lastKnownFileType = sourcecode.c.h; path = SDL_hints.h; sourceTree = "<group>"; };
		36B0929F237CD251004D7D84 /* SDL_mouse.h */ = {isa = PBXFileReference; fileEncoding = 4; lastKnownFileType = sourcecode.c.h; path = SDL_mouse.h; sourceTree = "<group>"; };
		36B092A0237CD251004D7D84 /* SDL_timer.h */ = {isa = PBXFileReference; fileEncoding = 4; lastKnownFileType = sourcecode.c.h; path = SDL_timer.h; sourceTree = "<group>"; };
		36B092A1237CD251004D7D84 /* SDL_surface.h */ = {isa = PBXFileReference; fileEncoding = 4; lastKnownFileType = sourcecode.c.h; path = SDL_surface.h; sourceTree = "<group>"; };
		36B092A2237CD251004D7D84 /* SDL_atomic.h */ = {isa = PBXFileReference; fileEncoding = 4; lastKnownFileType = sourcecode.c.h; path = SDL_atomic.h; sourceTree = "<group>"; };
		36B092A3237CD251004D7D84 /* SDL_log.h */ = {isa = PBXFileReference; fileEncoding = 4; lastKnownFileType = sourcecode.c.h; path = SDL_log.h; sourceTree = "<group>"; };
		36B092A4237CD251004D7D84 /* SDL_rwops.h */ = {isa = PBXFileReference; fileEncoding = 4; lastKnownFileType = sourcecode.c.h; path = SDL_rwops.h; sourceTree = "<group>"; };
		36B092A5237CD251004D7D84 /* SDL_render.h */ = {isa = PBXFileReference; fileEncoding = 4; lastKnownFileType = sourcecode.c.h; path = SDL_render.h; sourceTree = "<group>"; };
		36B092A6237CD251004D7D84 /* SDL_syswm.h */ = {isa = PBXFileReference; fileEncoding = 4; lastKnownFileType = sourcecode.c.h; path = SDL_syswm.h; sourceTree = "<group>"; };
		36B092A7237CD251004D7D84 /* SDL_bits.h */ = {isa = PBXFileReference; fileEncoding = 4; lastKnownFileType = sourcecode.c.h; path = SDL_bits.h; sourceTree = "<group>"; };
		36B092A8237CD251004D7D84 /* SDL_video.h */ = {isa = PBXFileReference; fileEncoding = 4; lastKnownFileType = sourcecode.c.h; path = SDL_video.h; sourceTree = "<group>"; };
		36B092A9237CD251004D7D84 /* SDL_assert.h */ = {isa = PBXFileReference; fileEncoding = 4; lastKnownFileType = sourcecode.c.h; path = SDL_assert.h; sourceTree = "<group>"; };
		36B092AA237CD251004D7D84 /* SDL_version.h */ = {isa = PBXFileReference; fileEncoding = 4; lastKnownFileType = sourcecode.c.h; path = SDL_version.h; sourceTree = "<group>"; };
		36B092AB237CD251004D7D84 /* SDL_gamecontroller.h */ = {isa = PBXFileReference; fileEncoding = 4; lastKnownFileType = sourcecode.c.h; path = SDL_gamecontroller.h; sourceTree = "<group>"; };
		36B092AC237CD251004D7D84 /* SDL_config_windows.h */ = {isa = PBXFileReference; fileEncoding = 4; lastKnownFileType = sourcecode.c.h; path = SDL_config_windows.h; sourceTree = "<group>"; };
		36B092AD237CD251004D7D84 /* SDL_copying.h */ = {isa = PBXFileReference; fileEncoding = 4; lastKnownFileType = sourcecode.c.h; path = SDL_copying.h; sourceTree = "<group>"; };
		36B092AE237CD251004D7D84 /* SDL_thread.h */ = {isa = PBXFileReference; fileEncoding = 4; lastKnownFileType = sourcecode.c.h; path = SDL_thread.h; sourceTree = "<group>"; };
		36B092AF237CD251004D7D84 /* SDL_test_harness.h */ = {isa = PBXFileReference; fileEncoding = 4; lastKnownFileType = sourcecode.c.h; path = SDL_test_harness.h; sourceTree = "<group>"; };
		36B092B0237CD251004D7D84 /* SDL_rect.h */ = {isa = PBXFileReference; fileEncoding = 4; lastKnownFileType = sourcecode.c.h; path = SDL_rect.h; sourceTree = "<group>"; };
		36B092B1237CD251004D7D84 /* SDL_mutex.h */ = {isa = PBXFileReference; fileEncoding = 4; lastKnownFileType = sourcecode.c.h; path = SDL_mutex.h; sourceTree = "<group>"; };
		36B092B2237CD251004D7D84 /* close_code.h */ = {isa = PBXFileReference; fileEncoding = 4; lastKnownFileType = sourcecode.c.h; path = close_code.h; sourceTree = "<group>"; };
		36B092B3237CD251004D7D84 /* SDL_config.h.in */ = {isa = PBXFileReference; fileEncoding = 4; lastKnownFileType = text; path = SDL_config.h.in; sourceTree = "<group>"; };
		36B092B4237CD251004D7D84 /* SDL_config_wiz.h */ = {isa = PBXFileReference; fileEncoding = 4; lastKnownFileType = sourcecode.c.h; path = SDL_config_wiz.h; sourceTree = "<group>"; };
		36B092B5237CD251004D7D84 /* SDL_joystick.h */ = {isa = PBXFileReference; fileEncoding = 4; lastKnownFileType = sourcecode.c.h; path = SDL_joystick.h; sourceTree = "<group>"; };
		36B092B6237CD251004D7D84 /* SDL.h */ = {isa = PBXFileReference; fileEncoding = 4; lastKnownFileType = sourcecode.c.h; path = SDL.h; sourceTree = "<group>"; };
		36B092B7237CD251004D7D84 /* SDL_filesystem.h */ = {isa = PBXFileReference; fileEncoding = 4; lastKnownFileType = sourcecode.c.h; path = SDL_filesystem.h; sourceTree = "<group>"; };
		36B092B8237CD251004D7D84 /* SDL_messagebox.h */ = {isa = PBXFileReference; fileEncoding = 4; lastKnownFileType = sourcecode.c.h; path = SDL_messagebox.h; sourceTree = "<group>"; };
		36B092B9237CD251004D7D84 /* SDL_opengles2_gl2platform.h */ = {isa = PBXFileReference; fileEncoding = 4; lastKnownFileType = sourcecode.c.h; path = SDL_opengles2_gl2platform.h; sourceTree = "<group>"; };
		36B092BA237CD251004D7D84 /* SDL_opengles2_khrplatform.h */ = {isa = PBXFileReference; fileEncoding = 4; lastKnownFileType = sourcecode.c.h; path = SDL_opengles2_khrplatform.h; sourceTree = "<group>"; };
		36B092BB237CD251004D7D84 /* SDL_test_md5.h */ = {isa = PBXFileReference; fileEncoding = 4; lastKnownFileType = sourcecode.c.h; path = SDL_test_md5.h; sourceTree = "<group>"; };
		36B092BC237CD251004D7D84 /* SDL_pixels.h */ = {isa = PBXFileReference; fileEncoding = 4; lastKnownFileType = sourcecode.c.h; path = SDL_pixels.h; sourceTree = "<group>"; };
		36B092BD237CD251004D7D84 /* SDL_cpuinfo.h */ = {isa = PBXFileReference; fileEncoding = 4; lastKnownFileType = sourcecode.c.h; path = SDL_cpuinfo.h; sourceTree = "<group>"; };
		36B092BE237CD251004D7D84 /* SDL_test_compare.h */ = {isa = PBXFileReference; fileEncoding = 4; lastKnownFileType = sourcecode.c.h; path = SDL_test_compare.h; sourceTree = "<group>"; };
		36B092BF237CD251004D7D84 /* SDL_opengles2_gl2.h */ = {isa = PBXFileReference; fileEncoding = 4; lastKnownFileType = sourcecode.c.h; path = SDL_opengles2_gl2.h; sourceTree = "<group>"; };
		36B092C1237CD251004D7D84 /* libSDL2.a */ = {isa = PBXFileReference; lastKnownFileType = archive.ar; path = libSDL2.a; sourceTree = "<group>"; };
		36B092C6237CD263004D7D84 /* AudioToolbox.framework */ = {isa = PBXFileReference; lastKnownFileType = wrapper.framework; name = AudioToolbox.framework; path = System/Library/Frameworks/AudioToolbox.framework; sourceTree = SDKROOT; };
		36B092C8237CD269004D7D84 /* VideoToolbox.framework */ = {isa = PBXFileReference; lastKnownFileType = wrapper.framework; name = VideoToolbox.framework; path = System/Library/Frameworks/VideoToolbox.framework; sourceTree = SDKROOT; };
		36B092CA237CD5F6004D7D84 /* libiconv.tbd */ = {isa = PBXFileReference; lastKnownFileType = "sourcecode.text-based-dylib-definition"; name = libiconv.tbd; path = usr/lib/libiconv.tbd; sourceTree = SDKROOT; };
		36B092CC237CD603004D7D84 /* libbz2.tbd */ = {isa = PBXFileReference; lastKnownFileType = "sourcecode.text-based-dylib-definition"; name = libbz2.tbd; path = usr/lib/libbz2.tbd; sourceTree = SDKROOT; };
		36B092CE237CD60E004D7D84 /* libz.tbd */ = {isa = PBXFileReference; lastKnownFileType = "sourcecode.text-based-dylib-definition"; name = libz.tbd; path = usr/lib/libz.tbd; sourceTree = SDKROOT; };
		36B092D3237CD965004D7D84 /* version.h */ = {isa = PBXFileReference; fileEncoding = 4; lastKnownFileType = sourcecode.c.h; path = version.h; sourceTree = "<group>"; };
		36B092D4237CD965004D7D84 /* buffersrc.h */ = {isa = PBXFileReference; fileEncoding = 4; lastKnownFileType = sourcecode.c.h; path = buffersrc.h; sourceTree = "<group>"; };
		36B092D5237CD965004D7D84 /* buffersink.h */ = {isa = PBXFileReference; fileEncoding = 4; lastKnownFileType = sourcecode.c.h; path = buffersink.h; sourceTree = "<group>"; };
		36B092D6237CD965004D7D84 /* avfilter.h */ = {isa = PBXFileReference; fileEncoding = 4; lastKnownFileType = sourcecode.c.h; path = avfilter.h; sourceTree = "<group>"; };
		36B092D8237CD965004D7D84 /* hwcontext.h */ = {isa = PBXFileReference; fileEncoding = 4; lastKnownFileType = sourcecode.c.h; path = hwcontext.h; sourceTree = "<group>"; };
		36B092D9237CD965004D7D84 /* time.h */ = {isa = PBXFileReference; fileEncoding = 4; lastKnownFileType = sourcecode.c.h; path = time.h; sourceTree = "<group>"; };
		36B092DA237CD965004D7D84 /* hwcontext_cuda.h */ = {isa = PBXFileReference; fileEncoding = 4; lastKnownFileType = sourcecode.c.h; path = hwcontext_cuda.h; sourceTree = "<group>"; };
		36B092DB237CD965004D7D84 /* intfloat.h */ = {isa = PBXFileReference; fileEncoding = 4; lastKnownFileType = sourcecode.c.h; path = intfloat.h; sourceTree = "<group>"; };
		36B092DC237CD965004D7D84 /* error.h */ = {isa = PBXFileReference; fileEncoding = 4; lastKnownFileType = sourcecode.c.h; path = error.h; sourceTree = "<group>"; };
		36B092DD237CD965004D7D84 /* fifo.h */ = {isa = PBXFileReference; fileEncoding = 4; lastKnownFileType = sourcecode.c.h; path = fifo.h; sourceTree = "<group>"; };
		36B092DE237CD965004D7D84 /* blowfish.h */ = {isa = PBXFileReference; fileEncoding = 4; lastKnownFileType = sourcecode.c.h; path = blowfish.h; sourceTree = "<group>"; };
		36B092DF237CD965004D7D84 /* hwcontext_mediacodec.h */ = {isa = PBXFileReference; fileEncoding = 4; lastKnownFileType = sourcecode.c.h; path = hwcontext_mediacodec.h; sourceTree = "<group>"; };
		36B092E0237CD965004D7D84 /* replaygain.h */ = {isa = PBXFileReference; fileEncoding = 4; lastKnownFileType = sourcecode.c.h; path = replaygain.h; sourceTree = "<group>"; };
		36B092E1237CD965004D7D84 /* version.h */ = {isa = PBXFileReference; fileEncoding = 4; lastKnownFileType = sourcecode.c.h; path = version.h; sourceTree = "<group>"; };
		36B092E2237CD965004D7D84 /* murmur3.h */ = {isa = PBXFileReference; fileEncoding = 4; lastKnownFileType = sourcecode.c.h; path = murmur3.h; sourceTree = "<group>"; };
		36B092E3237CD965004D7D84 /* stereo3d.h */ = {isa = PBXFileReference; fileEncoding = 4; lastKnownFileType = sourcecode.c.h; path = stereo3d.h; sourceTree = "<group>"; };
		36B092E4237CD965004D7D84 /* samplefmt.h */ = {isa = PBXFileReference; fileEncoding = 4; lastKnownFileType = sourcecode.c.h; path = samplefmt.h; sourceTree = "<group>"; };
		36B092E5237CD965004D7D84 /* pixdesc.h */ = {isa = PBXFileReference; fileEncoding = 4; lastKnownFileType = sourcecode.c.h; path = pixdesc.h; sourceTree = "<group>"; };
		36B092E6237CD965004D7D84 /* base64.h */ = {isa = PBXFileReference; fileEncoding = 4; lastKnownFileType = sourcecode.c.h; path = base64.h; sourceTree = "<group>"; };
		36B092E7237CD965004D7D84 /* rational.h */ = {isa = PBXFileReference; fileEncoding = 4; lastKnownFileType = sourcecode.c.h; path = rational.h; sourceTree = "<group>"; };
		36B092E8237CD965004D7D84 /* sha.h */ = {isa = PBXFileReference; fileEncoding = 4; lastKnownFileType = sourcecode.c.h; path = sha.h; sourceTree = "<group>"; };
		36B092E9237CD965004D7D84 /* motion_vector.h */ = {isa = PBXFileReference; fileEncoding = 4; lastKnownFileType = sourcecode.c.h; path = motion_vector.h; sourceTree = "<group>"; };
		36B092EA237CD965004D7D84 /* avconfig.h */ = {isa = PBXFileReference; fileEncoding = 4; lastKnownFileType = sourcecode.c.h; path = avconfig.h; sourceTree = "<group>"; };
		36B092EB237CD965004D7D84 /* lfg.h */ = {isa = PBXFileReference; fileEncoding = 4; lastKnownFileType = sourcecode.c.h; path = lfg.h; sourceTree = "<group>"; };
		36B092EC237CD965004D7D84 /* avutil.h */ = {isa = PBXFileReference; fileEncoding = 4; lastKnownFileType = sourcecode.c.h; path = avutil.h; sourceTree = "<group>"; };
		36B092ED237CD965004D7D84 /* xtea.h */ = {isa = PBXFileReference; fileEncoding = 4; lastKnownFileType = sourcecode.c.h; path = xtea.h; sourceTree = "<group>"; };
		36B092EE237CD965004D7D84 /* crc.h */ = {isa = PBXFileReference; fileEncoding = 4; lastKnownFileType = sourcecode.c.h; path = crc.h; sourceTree = "<group>"; };
		36B092EF237CD965004D7D84 /* hwcontext_vdpau.h */ = {isa = PBXFileReference; fileEncoding = 4; lastKnownFileType = sourcecode.c.h; path = hwcontext_vdpau.h; sourceTree = "<group>"; };
		36B092F0237CD965004D7D84 /* frame.h */ = {isa = PBXFileReference; fileEncoding = 4; lastKnownFileType = sourcecode.c.h; path = frame.h; sourceTree = "<group>"; };
		36B092F1237CD965004D7D84 /* file.h */ = {isa = PBXFileReference; fileEncoding = 4; lastKnownFileType = sourcecode.c.h; path = file.h; sourceTree = "<group>"; };
		36B092F2237CD965004D7D84 /* md5.h */ = {isa = PBXFileReference; fileEncoding = 4; lastKnownFileType = sourcecode.c.h; path = md5.h; sourceTree = "<group>"; };
		36B092F3237CD965004D7D84 /* cast5.h */ = {isa = PBXFileReference; fileEncoding = 4; lastKnownFileType = sourcecode.c.h; path = cast5.h; sourceTree = "<group>"; };
		36B092F4237CD965004D7D84 /* hwcontext_vaapi.h */ = {isa = PBXFileReference; fileEncoding = 4; lastKnownFileType = sourcecode.c.h; path = hwcontext_vaapi.h; sourceTree = "<group>"; };
		36B092F5237CD965004D7D84 /* spherical.h */ = {isa = PBXFileReference; fileEncoding = 4; lastKnownFileType = sourcecode.c.h; path = spherical.h; sourceTree = "<group>"; };
		36B092F6237CD965004D7D84 /* ffversion.h */ = {isa = PBXFileReference; fileEncoding = 4; lastKnownFileType = sourcecode.c.h; path = ffversion.h; sourceTree = "<group>"; };
		36B092F7237CD965004D7D84 /* audio_fifo.h */ = {isa = PBXFileReference; fileEncoding = 4; lastKnownFileType = sourcecode.c.h; path = audio_fifo.h; sourceTree = "<group>"; };
		36B092F8237CD965004D7D84 /* tree.h */ = {isa = PBXFileReference; fileEncoding = 4; lastKnownFileType = sourcecode.c.h; path = tree.h; sourceTree = "<group>"; };
		36B092F9237CD965004D7D84 /* threadmessage.h */ = {isa = PBXFileReference; fileEncoding = 4; lastKnownFileType = sourcecode.c.h; path = threadmessage.h; sourceTree = "<group>"; };
		36B092FA237CD965004D7D84 /* attributes.h */ = {isa = PBXFileReference; fileEncoding = 4; lastKnownFileType = sourcecode.c.h; path = attributes.h; sourceTree = "<group>"; };
		36B092FB237CD965004D7D84 /* adler32.h */ = {isa = PBXFileReference; fileEncoding = 4; lastKnownFileType = sourcecode.c.h; path = adler32.h; sourceTree = "<group>"; };
		36B092FC237CD965004D7D84 /* hwcontext_d3d11va.h */ = {isa = PBXFileReference; fileEncoding = 4; lastKnownFileType = sourcecode.c.h; path = hwcontext_d3d11va.h; sourceTree = "<group>"; };
		36B092FD237CD965004D7D84 /* timecode.h */ = {isa = PBXFileReference; fileEncoding = 4; lastKnownFileType = sourcecode.c.h; path = timecode.h; sourceTree = "<group>"; };
		36B092FE237CD965004D7D84 /* tx.h */ = {isa = PBXFileReference; fileEncoding = 4; lastKnownFileType = sourcecode.c.h; path = tx.h; sourceTree = "<group>"; };
		36B092FF237CD965004D7D84 /* sha512.h */ = {isa = PBXFileReference; fileEncoding = 4; lastKnownFileType = sourcecode.c.h; path = sha512.h; sourceTree = "<group>"; };
		36B09300237CD965004D7D84 /* hwcontext_dxva2.h */ = {isa = PBXFileReference; fileEncoding = 4; lastKnownFileType = sourcecode.c.h; path = hwcontext_dxva2.h; sourceTree = "<group>"; };
		36B09301237CD965004D7D84 /* display.h */ = {isa = PBXFileReference; fileEncoding = 4; lastKnownFileType = sourcecode.c.h; path = display.h; sourceTree = "<group>"; };
		36B09302237CD965004D7D84 /* buffer.h */ = {isa = PBXFileReference; fileEncoding = 4; lastKnownFileType = sourcecode.c.h; path = buffer.h; sourceTree = "<group>"; };
		36B09303237CD965004D7D84 /* camellia.h */ = {isa = PBXFileReference; fileEncoding = 4; lastKnownFileType = sourcecode.c.h; path = camellia.h; sourceTree = "<group>"; };
		36B09304237CD965004D7D84 /* pixelutils.h */ = {isa = PBXFileReference; fileEncoding = 4; lastKnownFileType = sourcecode.c.h; path = pixelutils.h; sourceTree = "<group>"; };
		36B09305237CD965004D7D84 /* hwcontext_drm.h */ = {isa = PBXFileReference; fileEncoding = 4; lastKnownFileType = sourcecode.c.h; path = hwcontext_drm.h; sourceTree = "<group>"; };
		36B09306237CD965004D7D84 /* common.h */ = {isa = PBXFileReference; fileEncoding = 4; lastKnownFileType = sourcecode.c.h; path = common.h; sourceTree = "<group>"; };
		36B09307237CD965004D7D84 /* hmac.h */ = {isa = PBXFileReference; fileEncoding = 4; lastKnownFileType = sourcecode.c.h; path = hmac.h; sourceTree = "<group>"; };
		36B09308237CD965004D7D84 /* eval.h */ = {isa = PBXFileReference; fileEncoding = 4; lastKnownFileType = sourcecode.c.h; path = eval.h; sourceTree = "<group>"; };
		36B09309237CD965004D7D84 /* dict.h */ = {isa = PBXFileReference; fileEncoding = 4; lastKnownFileType = sourcecode.c.h; path = dict.h; sourceTree = "<group>"; };
		36B0930A237CD965004D7D84 /* random_seed.h */ = {isa = PBXFileReference; fileEncoding = 4; lastKnownFileType = sourcecode.c.h; path = random_seed.h; sourceTree = "<group>"; };
		36B0930B237CD965004D7D84 /* opt.h */ = {isa = PBXFileReference; fileEncoding = 4; lastKnownFileType = sourcecode.c.h; path = opt.h; sourceTree = "<group>"; };
		36B0930C237CD965004D7D84 /* mastering_display_metadata.h */ = {isa = PBXFileReference; fileEncoding = 4; lastKnownFileType = sourcecode.c.h; path = mastering_display_metadata.h; sourceTree = "<group>"; };
		36B0930D237CD965004D7D84 /* log.h */ = {isa = PBXFileReference; fileEncoding = 4; lastKnownFileType = sourcecode.c.h; path = log.h; sourceTree = "<group>"; };
		36B0930E237CD965004D7D84 /* aes.h */ = {isa = PBXFileReference; fileEncoding = 4; lastKnownFileType = sourcecode.c.h; path = aes.h; sourceTree = "<group>"; };
		36B0930F237CD965004D7D84 /* macros.h */ = {isa = PBXFileReference; fileEncoding = 4; lastKnownFileType = sourcecode.c.h; path = macros.h; sourceTree = "<group>"; };
		36B09310237CD965004D7D84 /* bswap.h */ = {isa = PBXFileReference; fileEncoding = 4; lastKnownFileType = sourcecode.c.h; path = bswap.h; sourceTree = "<group>"; };
		36B09311237CD965004D7D84 /* rc4.h */ = {isa = PBXFileReference; fileEncoding = 4; lastKnownFileType = sourcecode.c.h; path = rc4.h; sourceTree = "<group>"; };
		36B09312237CD965004D7D84 /* tea.h */ = {isa = PBXFileReference; fileEncoding = 4; lastKnownFileType = sourcecode.c.h; path = tea.h; sourceTree = "<group>"; };
		36B09313237CD965004D7D84 /* cpu.h */ = {isa = PBXFileReference; fileEncoding = 4; lastKnownFileType = sourcecode.c.h; path = cpu.h; sourceTree = "<group>"; };
		36B09314237CD965004D7D84 /* lzo.h */ = {isa = PBXFileReference; fileEncoding = 4; lastKnownFileType = sourcecode.c.h; path = lzo.h; sourceTree = "<group>"; };
		36B09315237CD965004D7D84 /* des.h */ = {isa = PBXFileReference; fileEncoding = 4; lastKnownFileType = sourcecode.c.h; path = des.h; sourceTree = "<group>"; };
		36B09316237CD965004D7D84 /* channel_layout.h */ = {isa = PBXFileReference; fileEncoding = 4; lastKnownFileType = sourcecode.c.h; path = channel_layout.h; sourceTree = "<group>"; };
		36B09317237CD965004D7D84 /* encryption_info.h */ = {isa = PBXFileReference; fileEncoding = 4; lastKnownFileType = sourcecode.c.h; path = encryption_info.h; sourceTree = "<group>"; };
		36B09318237CD965004D7D84 /* twofish.h */ = {isa = PBXFileReference; fileEncoding = 4; lastKnownFileType = sourcecode.c.h; path = twofish.h; sourceTree = "<group>"; };
		36B09319237CD965004D7D84 /* imgutils.h */ = {isa = PBXFileReference; fileEncoding = 4; lastKnownFileType = sourcecode.c.h; path = imgutils.h; sourceTree = "<group>"; };
		36B0931A237CD965004D7D84 /* hwcontext_videotoolbox.h */ = {isa = PBXFileReference; fileEncoding = 4; lastKnownFileType = sourcecode.c.h; path = hwcontext_videotoolbox.h; sourceTree = "<group>"; };
		36B0931B237CD965004D7D84 /* mem.h */ = {isa = PBXFileReference; fileEncoding = 4; lastKnownFileType = sourcecode.c.h; path = mem.h; sourceTree = "<group>"; };
		36B0931C237CD965004D7D84 /* parseutils.h */ = {isa = PBXFileReference; fileEncoding = 4; lastKnownFileType = sourcecode.c.h; path = parseutils.h; sourceTree = "<group>"; };
		36B0931D237CD965004D7D84 /* ripemd.h */ = {isa = PBXFileReference; fileEncoding = 4; lastKnownFileType = sourcecode.c.h; path = ripemd.h; sourceTree = "<group>"; };
		36B0931E237CD965004D7D84 /* bprint.h */ = {isa = PBXFileReference; fileEncoding = 4; lastKnownFileType = sourcecode.c.h; path = bprint.h; sourceTree = "<group>"; };
		36B0931F237CD965004D7D84 /* hdr_dynamic_metadata.h */ = {isa = PBXFileReference; fileEncoding = 4; lastKnownFileType = sourcecode.c.h; path = hdr_dynamic_metadata.h; sourceTree = "<group>"; };
		36B09320237CD965004D7D84 /* hwcontext_qsv.h */ = {isa = PBXFileReference; fileEncoding = 4; lastKnownFileType = sourcecode.c.h; path = hwcontext_qsv.h; sourceTree = "<group>"; };
		36B09321237CD965004D7D84 /* pixfmt.h */ = {isa = PBXFileReference; fileEncoding = 4; lastKnownFileType = sourcecode.c.h; path = pixfmt.h; sourceTree = "<group>"; };
		36B09322237CD965004D7D84 /* aes_ctr.h */ = {isa = PBXFileReference; fileEncoding = 4; lastKnownFileType = sourcecode.c.h; path = aes_ctr.h; sourceTree = "<group>"; };
		36B09323237CD965004D7D84 /* timestamp.h */ = {isa = PBXFileReference; fileEncoding = 4; lastKnownFileType = sourcecode.c.h; path = timestamp.h; sourceTree = "<group>"; };
		36B09324237CD965004D7D84 /* downmix_info.h */ = {isa = PBXFileReference; fileEncoding = 4; lastKnownFileType = sourcecode.c.h; path = downmix_info.h; sourceTree = "<group>"; };
		36B09325237CD965004D7D84 /* avassert.h */ = {isa = PBXFileReference; fileEncoding = 4; lastKnownFileType = sourcecode.c.h; path = avassert.h; sourceTree = "<group>"; };
		36B09326237CD965004D7D84 /* hash.h */ = {isa = PBXFileReference; fileEncoding = 4; lastKnownFileType = sourcecode.c.h; path = hash.h; sourceTree = "<group>"; };
		36B09327237CD965004D7D84 /* mathematics.h */ = {isa = PBXFileReference; fileEncoding = 4; lastKnownFileType = sourcecode.c.h; path = mathematics.h; sourceTree = "<group>"; };
		36B09328237CD965004D7D84 /* intreadwrite.h */ = {isa = PBXFileReference; fileEncoding = 4; lastKnownFileType = sourcecode.c.h; path = intreadwrite.h; sourceTree = "<group>"; };
		36B09329237CD965004D7D84 /* avstring.h */ = {isa = PBXFileReference; fileEncoding = 4; lastKnownFileType = sourcecode.c.h; path = avstring.h; sourceTree = "<group>"; };
		36B0932B237CD965004D7D84 /* version.h */ = {isa = PBXFileReference; fileEncoding = 4; lastKnownFileType = sourcecode.c.h; path = version.h; sourceTree = "<group>"; };
		36B0932C237CD965004D7D84 /* avdevice.h */ = {isa = PBXFileReference; fileEncoding = 4; lastKnownFileType = sourcecode.c.h; path = avdevice.h; sourceTree = "<group>"; };
		36B0932E237CD965004D7D84 /* version.h */ = {isa = PBXFileReference; fileEncoding = 4; lastKnownFileType = sourcecode.c.h; path = version.h; sourceTree = "<group>"; };
		36B0932F237CD965004D7D84 /* avio.h */ = {isa = PBXFileReference; fileEncoding = 4; lastKnownFileType = sourcecode.c.h; path = avio.h; sourceTree = "<group>"; };
		36B09330237CD965004D7D84 /* avformat.h */ = {isa = PBXFileReference; fileEncoding = 4; lastKnownFileType = sourcecode.c.h; path = avformat.h; sourceTree = "<group>"; };
		36B09332237CD965004D7D84 /* version.h */ = {isa = PBXFileReference; fileEncoding = 4; lastKnownFileType = sourcecode.c.h; path = version.h; sourceTree = "<group>"; };
		36B09333237CD965004D7D84 /* swscale.h */ = {isa = PBXFileReference; fileEncoding = 4; lastKnownFileType = sourcecode.c.h; path = swscale.h; sourceTree = "<group>"; };
		36B09335237CD965004D7D84 /* adts_parser.h */ = {isa = PBXFileReference; fileEncoding = 4; lastKnownFileType = sourcecode.c.h; path = adts_parser.h; sourceTree = "<group>"; };
		36B09336237CD965004D7D84 /* avcodec.h */ = {isa = PBXFileReference; fileEncoding = 4; lastKnownFileType = sourcecode.c.h; path = avcodec.h; sourceTree = "<group>"; };
		36B09337237CD965004D7D84 /* version.h */ = {isa = PBXFileReference; fileEncoding = 4; lastKnownFileType = sourcecode.c.h; path = version.h; sourceTree = "<group>"; };
		36B09338237CD965004D7D84 /* vdpau.h */ = {isa = PBXFileReference; fileEncoding = 4; lastKnownFileType = sourcecode.c.h; path = vdpau.h; sourceTree = "<group>"; };
		36B09339237CD965004D7D84 /* qsv.h */ = {isa = PBXFileReference; fileEncoding = 4; lastKnownFileType = sourcecode.c.h; path = qsv.h; sourceTree = "<group>"; };
		36B0933A237CD965004D7D84 /* vaapi.h */ = {isa = PBXFileReference; fileEncoding = 4; lastKnownFileType = sourcecode.c.h; path = vaapi.h; sourceTree = "<group>"; };
		36B0933B237CD965004D7D84 /* videotoolbox.h */ = {isa = PBXFileReference; fileEncoding = 4; lastKnownFileType = sourcecode.c.h; path = videotoolbox.h; sourceTree = "<group>"; };
		36B0933C237CD965004D7D84 /* xvmc.h */ = {isa = PBXFileReference; fileEncoding = 4; lastKnownFileType = sourcecode.c.h; path = xvmc.h; sourceTree = "<group>"; };
		36B0933D237CD965004D7D84 /* mediacodec.h */ = {isa = PBXFileReference; fileEncoding = 4; lastKnownFileType = sourcecode.c.h; path = mediacodec.h; sourceTree = "<group>"; };
		36B0933E237CD965004D7D84 /* d3d11va.h */ = {isa = PBXFileReference; fileEncoding = 4; lastKnownFileType = sourcecode.c.h; path = d3d11va.h; sourceTree = "<group>"; };
		36B0933F237CD965004D7D84 /* avfft.h */ = {isa = PBXFileReference; fileEncoding = 4; lastKnownFileType = sourcecode.c.h; path = avfft.h; sourceTree = "<group>"; };
		36B09340237CD965004D7D84 /* jni.h */ = {isa = PBXFileReference; fileEncoding = 4; lastKnownFileType = sourcecode.c.h; path = jni.h; sourceTree = "<group>"; };
		36B09341237CD965004D7D84 /* dirac.h */ = {isa = PBXFileReference; fileEncoding = 4; lastKnownFileType = sourcecode.c.h; path = dirac.h; sourceTree = "<group>"; };
		36B09342237CD965004D7D84 /* avdct.h */ = {isa = PBXFileReference; fileEncoding = 4; lastKnownFileType = sourcecode.c.h; path = avdct.h; sourceTree = "<group>"; };
		36B09343237CD965004D7D84 /* ac3_parser.h */ = {isa = PBXFileReference; fileEncoding = 4; lastKnownFileType = sourcecode.c.h; path = ac3_parser.h; sourceTree = "<group>"; };
		36B09344237CD965004D7D84 /* vorbis_parser.h */ = {isa = PBXFileReference; fileEncoding = 4; lastKnownFileType = sourcecode.c.h; path = vorbis_parser.h; sourceTree = "<group>"; };
		36B09345237CD965004D7D84 /* dxva2.h */ = {isa = PBXFileReference; fileEncoding = 4; lastKnownFileType = sourcecode.c.h; path = dxva2.h; sourceTree = "<group>"; };
		36B09346237CD965004D7D84 /* dv_profile.h */ = {isa = PBXFileReference; fileEncoding = 4; lastKnownFileType = sourcecode.c.h; path = dv_profile.h; sourceTree = "<group>"; };
		36B09348237CD965004D7D84 /* version.h */ = {isa = PBXFileReference; fileEncoding = 4; lastKnownFileType = sourcecode.c.h; path = version.h; sourceTree = "<group>"; };
		36B09349237CD965004D7D84 /* swresample.h */ = {isa = PBXFileReference; fileEncoding = 4; lastKnownFileType = sourcecode.c.h; path = swresample.h; sourceTree = "<group>"; };
		36B0934B237CD965004D7D84 /* libavutil.a */ = {isa = PBXFileReference; lastKnownFileType = archive.ar; path = libavutil.a; sourceTree = "<group>"; };
		36B0934C237CD965004D7D84 /* libavfilter.a */ = {isa = PBXFileReference; lastKnownFileType = archive.ar; path = libavfilter.a; sourceTree = "<group>"; };
		36B0934D237CD965004D7D84 /* libavcodec.a */ = {isa = PBXFileReference; lastKnownFileType = archive.ar; path = libavcodec.a; sourceTree = "<group>"; };
		36B0934E237CD965004D7D84 /* libavformat.a */ = {isa = PBXFileReference; lastKnownFileType = archive.ar; path = libavformat.a; sourceTree = "<group>"; };
		36B0934F237CD965004D7D84 /* libavdevice.a */ = {isa = PBXFileReference; lastKnownFileType = archive.ar; path = libavdevice.a; sourceTree = "<group>"; };
		36B09350237CD965004D7D84 /* libswresample.a */ = {isa = PBXFileReference; lastKnownFileType = archive.ar; path = libswresample.a; sourceTree = "<group>"; };
		36B09351237CD965004D7D84 /* libswscale.a */ = {isa = PBXFileReference; lastKnownFileType = archive.ar; path = libswscale.a; sourceTree = "<group>"; };
/* End PBXFileReference section */

/* Begin PBXFrameworksBuildPhase section */
		36B09230237CCC43004D7D84 /* Frameworks */ = {
			isa = PBXFrameworksBuildPhase;
			buildActionMask = 2147483647;
			files = (
				36B09353237CD965004D7D84 /* libavfilter.a in Frameworks */,
				36B092CF237CD60E004D7D84 /* libz.tbd in Frameworks */,
				36B092CD237CD603004D7D84 /* libbz2.tbd in Frameworks */,
				36B09355237CD965004D7D84 /* libavformat.a in Frameworks */,
				36B09357237CD965004D7D84 /* libswresample.a in Frameworks */,
				36B092CB237CD5F6004D7D84 /* libiconv.tbd in Frameworks */,
				36B092C9237CD269004D7D84 /* VideoToolbox.framework in Frameworks */,
				36091BCD237D131D00551509 /* libx264.a in Frameworks */,
				36B09352237CD965004D7D84 /* libavutil.a in Frameworks */,
				36B092C7237CD263004D7D84 /* AudioToolbox.framework in Frameworks */,
				36B09356237CD965004D7D84 /* libavdevice.a in Frameworks */,
				36B09358237CD965004D7D84 /* libswscale.a in Frameworks */,
				36091BCE237D131D00551509 /* libfdk-aac.a in Frameworks */,
				36B092C4237CD251004D7D84 /* libSDL2.a in Frameworks */,
				36B09354237CD965004D7D84 /* libavcodec.a in Frameworks */,
			);
			runOnlyForDeploymentPostprocessing = 0;
		};
		36B09248237CCC44004D7D84 /* Frameworks */ = {
			isa = PBXFrameworksBuildPhase;
			buildActionMask = 2147483647;
			files = (
			);
			runOnlyForDeploymentPostprocessing = 0;
		};
		36B09253237CCC45004D7D84 /* Frameworks */ = {
			isa = PBXFrameworksBuildPhase;
			buildActionMask = 2147483647;
			files = (
			);
			runOnlyForDeploymentPostprocessing = 0;
		};
/* End PBXFrameworksBuildPhase section */

/* Begin PBXGroup section */
		36091BBC237D131D00551509 /* x264-iOS */ = {
			isa = PBXGroup;
			children = (
				36091BBD237D131D00551509 /* include */,
				36091BC0237D131D00551509 /* lib */,
			);
			path = "x264-iOS";
			sourceTree = "<group>";
		};
		36091BBD237D131D00551509 /* include */ = {
			isa = PBXGroup;
			children = (
				36091BBE237D131D00551509 /* x264_config.h */,
				36091BBF237D131D00551509 /* x264.h */,
			);
			path = include;
			sourceTree = "<group>";
		};
		36091BC0237D131D00551509 /* lib */ = {
			isa = PBXGroup;
			children = (
				36091BC1237D131D00551509 /* libx264.a */,
			);
			path = lib;
			sourceTree = "<group>";
		};
		36091BC2237D131D00551509 /* fdk-aac-ios */ = {
			isa = PBXGroup;
			children = (
				36091BC3237D131D00551509 /* include */,
				36091BCB237D131D00551509 /* lib */,
			);
			path = "fdk-aac-ios";
			sourceTree = "<group>";
		};
		36091BC3237D131D00551509 /* include */ = {
			isa = PBXGroup;
			children = (
				36091BC4237D131D00551509 /* fdk-aac */,
			);
			path = include;
			sourceTree = "<group>";
		};
		36091BC4237D131D00551509 /* fdk-aac */ = {
			isa = PBXGroup;
			children = (
				36091BC5237D131D00551509 /* syslib_channelMapDescr.h */,
				36091BC6237D131D00551509 /* aacdecoder_lib.h */,
				36091BC7237D131D00551509 /* machine_type.h */,
				36091BC8237D131D00551509 /* aacenc_lib.h */,
				36091BC9237D131D00551509 /* genericStds.h */,
				36091BCA237D131D00551509 /* FDK_audio.h */,
			);
			path = "fdk-aac";
			sourceTree = "<group>";
		};
		36091BCB237D131D00551509 /* lib */ = {
			isa = PBXGroup;
			children = (
				36091BCC237D131D00551509 /* libfdk-aac.a */,
			);
			path = lib;
			sourceTree = "<group>";
		};
		3609D556237D940200D7286F /* mediaCore */ = {
			isa = PBXGroup;
			children = (
				3609D558237D949A00D7286F /* mediaKernel */,
				3609D557237D944F00D7286F /* mediaMiddle */,
			);
			path = mediaCore;
			sourceTree = "<group>";
		};
		3609D557237D944F00D7286F /* mediaMiddle */ = {
			isa = PBXGroup;
			children = (
				3609D569237D976B00D7286F /* PPlayer.cpp */,
				3609D568237D976B00D7286F /* PPlayer.h */,
			);
			path = mediaMiddle;
			sourceTree = "<group>";
		};
		3609D558237D949A00D7286F /* mediaKernel */ = {
			isa = PBXGroup;
			children = (
				3609D55A237D975C00D7286F /* AudioDecodeThread.cpp */,
				3609D561237D975C00D7286F /* AudioDecodeThread.h */,
				3609D55B237D975C00D7286F /* AudioRefreshThread.cpp */,
				3609D562237D975C00D7286F /* AudioRefreshThread.h */,
				3609D55C237D975C00D7286F /* DemuxThread.cpp */,
				3609D56B237D984100D7286F /* MediaDefineInfo.cpp */,
				3609D56C237D984100D7286F /* MediaDefineInfo.h */,
				3609D55E237D975C00D7286F /* DemuxThread.h */,
				3609D55D237D975C00D7286F /* VedioDecodeThread.cpp */,
				3609D55F237D975C00D7286F /* VedioDecodeThread.h */,
				3609D559237D975C00D7286F /* VideoRefreshThread.cpp */,
				3609D560237D975C00D7286F /* VideoRefreshThread.h */,
				3609D5B8237DA34000D7286F /* AyncClock.cpp */,
				3609D5B7237DA34000D7286F /* AyncClock.h */,
			);
			path = mediaKernel;
			sourceTree = "<group>";
		};
		36B0922A237CCC43004D7D84 = {
			isa = PBXGroup;
			children = (
				36B09235237CCC43004D7D84 /* PPlayer */,
				36B0924E237CCC44004D7D84 /* PPlayerTests */,
				36B09259237CCC45004D7D84 /* PPlayerUITests */,
				36B09234237CCC43004D7D84 /* Products */,
				36B092C5237CD263004D7D84 /* Frameworks */,
			);
			sourceTree = "<group>";
		};
		36B09234237CCC43004D7D84 /* Products */ = {
			isa = PBXGroup;
			children = (
				36B09233237CCC43004D7D84 /* PPlayer.app */,
				36B0924B237CCC44004D7D84 /* PPlayerTests.xctest */,
				36B09256237CCC45004D7D84 /* PPlayerUITests.xctest */,
			);
			name = Products;
			sourceTree = "<group>";
		};
		36B09235237CCC43004D7D84 /* PPlayer */ = {
			isa = PBXGroup;
			children = (
				3609D556237D940200D7286F /* mediaCore */,
				36091BC2237D131D00551509 /* fdk-aac-ios */,
				36091BBC237D131D00551509 /* x264-iOS */,
				36B092D0237CD965004D7D84 /* FFmpeg-iOS */,
				36B0926A237CD250004D7D84 /* SDL2 */,
				36B09236237CCC43004D7D84 /* AppDelegate.h */,
				36B09237237CCC43004D7D84 /* AppDelegate.m */,
				36B09239237CCC43004D7D84 /* ViewController.h */,
				36B0923A237CCC43004D7D84 /* ViewController.m */,
				36B0923C237CCC43004D7D84 /* Main.storyboard */,
				36B0923F237CCC44004D7D84 /* Assets.xcassets */,
				36B09241237CCC44004D7D84 /* LaunchScreen.storyboard */,
				36B09244237CCC44004D7D84 /* Info.plist */,
				36B09245237CCC44004D7D84 /* main.m */,
			);
			path = PPlayer;
			sourceTree = "<group>";
		};
		36B0924E237CCC44004D7D84 /* PPlayerTests */ = {
			isa = PBXGroup;
			children = (
				36B0924F237CCC44004D7D84 /* PPlayerTests.m */,
				36B09251237CCC44004D7D84 /* Info.plist */,
			);
			path = PPlayerTests;
			sourceTree = "<group>";
		};
		36B09259237CCC45004D7D84 /* PPlayerUITests */ = {
			isa = PBXGroup;
			children = (
				36B0925A237CCC45004D7D84 /* PPlayerUITests.m */,
				36B0925C237CCC45004D7D84 /* Info.plist */,
			);
			path = PPlayerUITests;
			sourceTree = "<group>";
		};
		36B0926A237CD250004D7D84 /* SDL2 */ = {
			isa = PBXGroup;
			children = (
				36B0926B237CD250004D7D84 /* include */,
				36B092C0237CD251004D7D84 /* lib */,
			);
			path = SDL2;
			sourceTree = "<group>";
		};
		36B0926B237CD250004D7D84 /* include */ = {
			isa = PBXGroup;
			children = (
				36B0926C237CD250004D7D84 /* SDL_opengles2_gl2ext.h */,
				36B0926D237CD250004D7D84 /* SDL_test_random.h */,
				36B0926E237CD250004D7D84 /* SDL_power.h */,
				36B0926F237CD250004D7D84 /* SDL_revision.h */,
				36B09270237CD250004D7D84 /* SDL_events.h */,
				36B09271237CD250004D7D84 /* SDL_clipboard.h */,
				36B09272237CD250004D7D84 /* SDL_haptic.h */,
				36B09273237CD250004D7D84 /* SDL_test.h */,
				36B09274237CD250004D7D84 /* SDL_test_assert.h */,
				36B09275237CD250004D7D84 /* SDL_endian.h */,
				36B09276237CD250004D7D84 /* SDL_error.h */,
				36B09277237CD250004D7D84 /* begin_code.h */,
				36B09278237CD250004D7D84 /* SDL_types.h */,
				36B09279237CD250004D7D84 /* SDL_keycode.h */,
				36B0927A237CD250004D7D84 /* SDL_keyboard.h */,
				36B0927B237CD250004D7D84 /* SDL_config_psp.h */,
				36B0927C237CD250004D7D84 /* SDL_opengl_glext.h */,
				36B0927D237CD250004D7D84 /* SDL_config_pandora.h */,
				36B0927E237CD250004D7D84 /* SDL_test_crc32.h */,
				36B0927F237CD250004D7D84 /* SDL_test_font.h */,
				36B09280237CD250004D7D84 /* SDL_test_log.h */,
				36B09281237CD250004D7D84 /* SDL_egl.h */,
				36B09282237CD250004D7D84 /* SDL_vulkan.h */,
				36B09283237CD250004D7D84 /* SDL_test_memory.h */,
				36B09284237CD250004D7D84 /* SDL_main.h */,
				36B09285237CD250004D7D84 /* SDL_stdinc.h */,
				36B09286237CD250004D7D84 /* SDL_scancode.h */,
				36B09287237CD250004D7D84 /* SDL_quit.h */,
				36B09288237CD250004D7D84 /* SDL_config_android.h */,
				36B09289237CD250004D7D84 /* SDL_touch.h */,
				36B0928A237CD250004D7D84 /* SDL_opengles2.h */,
				36B0928B237CD250004D7D84 /* SDL_config_winrt.h */,
				36B0928C237CD250004D7D84 /* SDL_test_images.h */,
				36B0928D237CD250004D7D84 /* SDL_name.h */,
				36B0928E237CD250004D7D84 /* SDL_platform.h */,
				36B0928F237CD250004D7D84 /* SDL_shape.h */,
				36B09290237CD250004D7D84 /* SDL_config_minimal.h */,
				36B09291237CD250004D7D84 /* SDL_config.h.cmake */,
				36B09292237CD250004D7D84 /* SDL_loadso.h */,
				36B09293237CD250004D7D84 /* SDL_config_macosx.h */,
				36B09294237CD250004D7D84 /* SDL_test_common.h */,
				36B09295237CD250004D7D84 /* SDL_config.h */,
				36B09296237CD250004D7D84 /* SDL_audio.h */,
				36B09297237CD250004D7D84 /* SDL_opengl.h */,
				36B09298237CD250004D7D84 /* SDL_blendmode.h */,
				36B09299237CD250004D7D84 /* SDL_gesture.h */,
				36B0929A237CD250004D7D84 /* SDL_test_fuzzer.h */,
				36B0929B237CD250004D7D84 /* SDL_config_iphoneos.h */,
				36B0929C237CD250004D7D84 /* SDL_opengles.h */,
				36B0929D237CD250004D7D84 /* SDL_system.h */,
				36B0929E237CD251004D7D84 /* SDL_hints.h */,
				36B0929F237CD251004D7D84 /* SDL_mouse.h */,
				36B092A0237CD251004D7D84 /* SDL_timer.h */,
				36B092A1237CD251004D7D84 /* SDL_surface.h */,
				36B092A2237CD251004D7D84 /* SDL_atomic.h */,
				36B092A3237CD251004D7D84 /* SDL_log.h */,
				36B092A4237CD251004D7D84 /* SDL_rwops.h */,
				36B092A5237CD251004D7D84 /* SDL_render.h */,
				36B092A6237CD251004D7D84 /* SDL_syswm.h */,
				36B092A7237CD251004D7D84 /* SDL_bits.h */,
				36B092A8237CD251004D7D84 /* SDL_video.h */,
				36B092A9237CD251004D7D84 /* SDL_assert.h */,
				36B092AA237CD251004D7D84 /* SDL_version.h */,
				36B092AB237CD251004D7D84 /* SDL_gamecontroller.h */,
				36B092AC237CD251004D7D84 /* SDL_config_windows.h */,
				36B092AD237CD251004D7D84 /* SDL_copying.h */,
				36B092AE237CD251004D7D84 /* SDL_thread.h */,
				36B092AF237CD251004D7D84 /* SDL_test_harness.h */,
				36B092B0237CD251004D7D84 /* SDL_rect.h */,
				36B092B1237CD251004D7D84 /* SDL_mutex.h */,
				36B092B2237CD251004D7D84 /* close_code.h */,
				36B092B3237CD251004D7D84 /* SDL_config.h.in */,
				36B092B4237CD251004D7D84 /* SDL_config_wiz.h */,
				36B092B5237CD251004D7D84 /* SDL_joystick.h */,
				36B092B6237CD251004D7D84 /* SDL.h */,
				36B092B7237CD251004D7D84 /* SDL_filesystem.h */,
				36B092B8237CD251004D7D84 /* SDL_messagebox.h */,
				36B092B9237CD251004D7D84 /* SDL_opengles2_gl2platform.h */,
				36B092BA237CD251004D7D84 /* SDL_opengles2_khrplatform.h */,
				36B092BB237CD251004D7D84 /* SDL_test_md5.h */,
				36B092BC237CD251004D7D84 /* SDL_pixels.h */,
				36B092BD237CD251004D7D84 /* SDL_cpuinfo.h */,
				36B092BE237CD251004D7D84 /* SDL_test_compare.h */,
				36B092BF237CD251004D7D84 /* SDL_opengles2_gl2.h */,
			);
			path = include;
			sourceTree = "<group>";
		};
		36B092C0237CD251004D7D84 /* lib */ = {
			isa = PBXGroup;
			children = (
				36B092C1237CD251004D7D84 /* libSDL2.a */,
			);
			path = lib;
			sourceTree = "<group>";
		};
		36B092C5237CD263004D7D84 /* Frameworks */ = {
			isa = PBXGroup;
			children = (
				36B092CE237CD60E004D7D84 /* libz.tbd */,
				36B092CC237CD603004D7D84 /* libbz2.tbd */,
				36B092CA237CD5F6004D7D84 /* libiconv.tbd */,
				36B092C8237CD269004D7D84 /* VideoToolbox.framework */,
				36B092C6237CD263004D7D84 /* AudioToolbox.framework */,
			);
			name = Frameworks;
			sourceTree = "<group>";
		};
		36B092D0237CD965004D7D84 /* FFmpeg-iOS */ = {
			isa = PBXGroup;
			children = (
				36B092D1237CD965004D7D84 /* include */,
				36B0934A237CD965004D7D84 /* lib */,
			);
			path = "FFmpeg-iOS";
			sourceTree = "<group>";
		};
		36B092D1237CD965004D7D84 /* include */ = {
			isa = PBXGroup;
			children = (
				36B092D2237CD965004D7D84 /* libavfilter */,
				36B092D7237CD965004D7D84 /* libavutil */,
				36B0932A237CD965004D7D84 /* libavdevice */,
				36B0932D237CD965004D7D84 /* libavformat */,
				36B09331237CD965004D7D84 /* libswscale */,
				36B09334237CD965004D7D84 /* libavcodec */,
				36B09347237CD965004D7D84 /* libswresample */,
			);
			path = include;
			sourceTree = "<group>";
		};
		36B092D2237CD965004D7D84 /* libavfilter */ = {
			isa = PBXGroup;
			children = (
				36B092D3237CD965004D7D84 /* version.h */,
				36B092D4237CD965004D7D84 /* buffersrc.h */,
				36B092D5237CD965004D7D84 /* buffersink.h */,
				36B092D6237CD965004D7D84 /* avfilter.h */,
			);
			path = libavfilter;
			sourceTree = "<group>";
		};
		36B092D7237CD965004D7D84 /* libavutil */ = {
			isa = PBXGroup;
			children = (
				36B092D8237CD965004D7D84 /* hwcontext.h */,
				36B092D9237CD965004D7D84 /* time.h */,
				36B092DA237CD965004D7D84 /* hwcontext_cuda.h */,
				36B092DB237CD965004D7D84 /* intfloat.h */,
				36B092DC237CD965004D7D84 /* error.h */,
				36B092DD237CD965004D7D84 /* fifo.h */,
				36B092DE237CD965004D7D84 /* blowfish.h */,
				36B092DF237CD965004D7D84 /* hwcontext_mediacodec.h */,
				36B092E0237CD965004D7D84 /* replaygain.h */,
				36B092E1237CD965004D7D84 /* version.h */,
				36B092E2237CD965004D7D84 /* murmur3.h */,
				36B092E3237CD965004D7D84 /* stereo3d.h */,
				36B092E4237CD965004D7D84 /* samplefmt.h */,
				36B092E5237CD965004D7D84 /* pixdesc.h */,
				36B092E6237CD965004D7D84 /* base64.h */,
				36B092E7237CD965004D7D84 /* rational.h */,
				36B092E8237CD965004D7D84 /* sha.h */,
				36B092E9237CD965004D7D84 /* motion_vector.h */,
				36B092EA237CD965004D7D84 /* avconfig.h */,
				36B092EB237CD965004D7D84 /* lfg.h */,
				36B092EC237CD965004D7D84 /* avutil.h */,
				36B092ED237CD965004D7D84 /* xtea.h */,
				36B092EE237CD965004D7D84 /* crc.h */,
				36B092EF237CD965004D7D84 /* hwcontext_vdpau.h */,
				36B092F0237CD965004D7D84 /* frame.h */,
				36B092F1237CD965004D7D84 /* file.h */,
				36B092F2237CD965004D7D84 /* md5.h */,
				36B092F3237CD965004D7D84 /* cast5.h */,
				36B092F4237CD965004D7D84 /* hwcontext_vaapi.h */,
				36B092F5237CD965004D7D84 /* spherical.h */,
				36B092F6237CD965004D7D84 /* ffversion.h */,
				36B092F7237CD965004D7D84 /* audio_fifo.h */,
				36B092F8237CD965004D7D84 /* tree.h */,
				36B092F9237CD965004D7D84 /* threadmessage.h */,
				36B092FA237CD965004D7D84 /* attributes.h */,
				36B092FB237CD965004D7D84 /* adler32.h */,
				36B092FC237CD965004D7D84 /* hwcontext_d3d11va.h */,
				36B092FD237CD965004D7D84 /* timecode.h */,
				36B092FE237CD965004D7D84 /* tx.h */,
				36B092FF237CD965004D7D84 /* sha512.h */,
				36B09300237CD965004D7D84 /* hwcontext_dxva2.h */,
				36B09301237CD965004D7D84 /* display.h */,
				36B09302237CD965004D7D84 /* buffer.h */,
				36B09303237CD965004D7D84 /* camellia.h */,
				36B09304237CD965004D7D84 /* pixelutils.h */,
				36B09305237CD965004D7D84 /* hwcontext_drm.h */,
				36B09306237CD965004D7D84 /* common.h */,
				36B09307237CD965004D7D84 /* hmac.h */,
				36B09308237CD965004D7D84 /* eval.h */,
				36B09309237CD965004D7D84 /* dict.h */,
				36B0930A237CD965004D7D84 /* random_seed.h */,
				36B0930B237CD965004D7D84 /* opt.h */,
				36B0930C237CD965004D7D84 /* mastering_display_metadata.h */,
				36B0930D237CD965004D7D84 /* log.h */,
				36B0930E237CD965004D7D84 /* aes.h */,
				36B0930F237CD965004D7D84 /* macros.h */,
				36B09310237CD965004D7D84 /* bswap.h */,
				36B09311237CD965004D7D84 /* rc4.h */,
				36B09312237CD965004D7D84 /* tea.h */,
				36B09313237CD965004D7D84 /* cpu.h */,
				36B09314237CD965004D7D84 /* lzo.h */,
				36B09315237CD965004D7D84 /* des.h */,
				36B09316237CD965004D7D84 /* channel_layout.h */,
				36B09317237CD965004D7D84 /* encryption_info.h */,
				36B09318237CD965004D7D84 /* twofish.h */,
				36B09319237CD965004D7D84 /* imgutils.h */,
				36B0931A237CD965004D7D84 /* hwcontext_videotoolbox.h */,
				36B0931B237CD965004D7D84 /* mem.h */,
				36B0931C237CD965004D7D84 /* parseutils.h */,
				36B0931D237CD965004D7D84 /* ripemd.h */,
				36B0931E237CD965004D7D84 /* bprint.h */,
				36B0931F237CD965004D7D84 /* hdr_dynamic_metadata.h */,
				36B09320237CD965004D7D84 /* hwcontext_qsv.h */,
				36B09321237CD965004D7D84 /* pixfmt.h */,
				36B09322237CD965004D7D84 /* aes_ctr.h */,
				36B09323237CD965004D7D84 /* timestamp.h */,
				36B09324237CD965004D7D84 /* downmix_info.h */,
				36B09325237CD965004D7D84 /* avassert.h */,
				36B09326237CD965004D7D84 /* hash.h */,
				36B09327237CD965004D7D84 /* mathematics.h */,
				36B09328237CD965004D7D84 /* intreadwrite.h */,
				36B09329237CD965004D7D84 /* avstring.h */,
			);
			path = libavutil;
			sourceTree = "<group>";
		};
		36B0932A237CD965004D7D84 /* libavdevice */ = {
			isa = PBXGroup;
			children = (
				36B0932B237CD965004D7D84 /* version.h */,
				36B0932C237CD965004D7D84 /* avdevice.h */,
			);
			path = libavdevice;
			sourceTree = "<group>";
		};
		36B0932D237CD965004D7D84 /* libavformat */ = {
			isa = PBXGroup;
			children = (
				36B0932E237CD965004D7D84 /* version.h */,
				36B0932F237CD965004D7D84 /* avio.h */,
				36B09330237CD965004D7D84 /* avformat.h */,
			);
			path = libavformat;
			sourceTree = "<group>";
		};
		36B09331237CD965004D7D84 /* libswscale */ = {
			isa = PBXGroup;
			children = (
				36B09332237CD965004D7D84 /* version.h */,
				36B09333237CD965004D7D84 /* swscale.h */,
			);
			path = libswscale;
			sourceTree = "<group>";
		};
		36B09334237CD965004D7D84 /* libavcodec */ = {
			isa = PBXGroup;
			children = (
				36B09335237CD965004D7D84 /* adts_parser.h */,
				36B09336237CD965004D7D84 /* avcodec.h */,
				36B09337237CD965004D7D84 /* version.h */,
				36B09338237CD965004D7D84 /* vdpau.h */,
				36B09339237CD965004D7D84 /* qsv.h */,
				36B0933A237CD965004D7D84 /* vaapi.h */,
				36B0933B237CD965004D7D84 /* videotoolbox.h */,
				36B0933C237CD965004D7D84 /* xvmc.h */,
				36B0933D237CD965004D7D84 /* mediacodec.h */,
				36B0933E237CD965004D7D84 /* d3d11va.h */,
				36B0933F237CD965004D7D84 /* avfft.h */,
				36B09340237CD965004D7D84 /* jni.h */,
				36B09341237CD965004D7D84 /* dirac.h */,
				36B09342237CD965004D7D84 /* avdct.h */,
				36B09343237CD965004D7D84 /* ac3_parser.h */,
				36B09344237CD965004D7D84 /* vorbis_parser.h */,
				36B09345237CD965004D7D84 /* dxva2.h */,
				36B09346237CD965004D7D84 /* dv_profile.h */,
			);
			path = libavcodec;
			sourceTree = "<group>";
		};
		36B09347237CD965004D7D84 /* libswresample */ = {
			isa = PBXGroup;
			children = (
				36B09348237CD965004D7D84 /* version.h */,
				36B09349237CD965004D7D84 /* swresample.h */,
			);
			path = libswresample;
			sourceTree = "<group>";
		};
		36B0934A237CD965004D7D84 /* lib */ = {
			isa = PBXGroup;
			children = (
				36B0934B237CD965004D7D84 /* libavutil.a */,
				36B0934C237CD965004D7D84 /* libavfilter.a */,
				36B0934D237CD965004D7D84 /* libavcodec.a */,
				36B0934E237CD965004D7D84 /* libavformat.a */,
				36B0934F237CD965004D7D84 /* libavdevice.a */,
				36B09350237CD965004D7D84 /* libswresample.a */,
				36B09351237CD965004D7D84 /* libswscale.a */,
			);
			path = lib;
			sourceTree = "<group>";
		};
/* End PBXGroup section */

/* Begin PBXNativeTarget section */
		36B09232237CCC43004D7D84 /* PPlayer */ = {
			isa = PBXNativeTarget;
			buildConfigurationList = 36B0925F237CCC45004D7D84 /* Build configuration list for PBXNativeTarget "PPlayer" */;
			buildPhases = (
				36B0922F237CCC43004D7D84 /* Sources */,
				36B09230237CCC43004D7D84 /* Frameworks */,
				36B09231237CCC43004D7D84 /* Resources */,
			);
			buildRules = (
			);
			dependencies = (
			);
			name = PPlayer;
			productName = PPlayer;
			productReference = 36B09233237CCC43004D7D84 /* PPlayer.app */;
			productType = "com.apple.product-type.application";
		};
		36B0924A237CCC44004D7D84 /* PPlayerTests */ = {
			isa = PBXNativeTarget;
			buildConfigurationList = 36B09262237CCC45004D7D84 /* Build configuration list for PBXNativeTarget "PPlayerTests" */;
			buildPhases = (
				36B09247237CCC44004D7D84 /* Sources */,
				36B09248237CCC44004D7D84 /* Frameworks */,
				36B09249237CCC44004D7D84 /* Resources */,
			);
			buildRules = (
			);
			dependencies = (
				36B0924D237CCC44004D7D84 /* PBXTargetDependency */,
			);
			name = PPlayerTests;
			productName = PPlayerTests;
			productReference = 36B0924B237CCC44004D7D84 /* PPlayerTests.xctest */;
			productType = "com.apple.product-type.bundle.unit-test";
		};
		36B09255237CCC45004D7D84 /* PPlayerUITests */ = {
			isa = PBXNativeTarget;
			buildConfigurationList = 36B09265237CCC45004D7D84 /* Build configuration list for PBXNativeTarget "PPlayerUITests" */;
			buildPhases = (
				36B09252237CCC45004D7D84 /* Sources */,
				36B09253237CCC45004D7D84 /* Frameworks */,
				36B09254237CCC45004D7D84 /* Resources */,
			);
			buildRules = (
			);
			dependencies = (
				36B09258237CCC45004D7D84 /* PBXTargetDependency */,
			);
			name = PPlayerUITests;
			productName = PPlayerUITests;
			productReference = 36B09256237CCC45004D7D84 /* PPlayerUITests.xctest */;
			productType = "com.apple.product-type.bundle.ui-testing";
		};
/* End PBXNativeTarget section */

/* Begin PBXProject section */
		36B0922B237CCC43004D7D84 /* Project object */ = {
			isa = PBXProject;
			attributes = {
				LastUpgradeCheck = 1030;
				ORGANIZATIONNAME = "邱开禄";
				TargetAttributes = {
					36B09232237CCC43004D7D84 = {
						CreatedOnToolsVersion = 10.3;
					};
					36B0924A237CCC44004D7D84 = {
						CreatedOnToolsVersion = 10.3;
						TestTargetID = 36B09232237CCC43004D7D84;
					};
					36B09255237CCC45004D7D84 = {
						CreatedOnToolsVersion = 10.3;
						TestTargetID = 36B09232237CCC43004D7D84;
					};
				};
			};
			buildConfigurationList = 36B0922E237CCC43004D7D84 /* Build configuration list for PBXProject "PPlayer" */;
			compatibilityVersion = "Xcode 9.3";
			developmentRegion = en;
			hasScannedForEncodings = 0;
			knownRegions = (
				en,
				Base,
			);
			mainGroup = 36B0922A237CCC43004D7D84;
			productRefGroup = 36B09234237CCC43004D7D84 /* Products */;
			projectDirPath = "";
			projectRoot = "";
			targets = (
				36B09232237CCC43004D7D84 /* PPlayer */,
				36B0924A237CCC44004D7D84 /* PPlayerTests */,
				36B09255237CCC45004D7D84 /* PPlayerUITests */,
			);
		};
/* End PBXProject section */

/* Begin PBXResourcesBuildPhase section */
		36B09231237CCC43004D7D84 /* Resources */ = {
			isa = PBXResourcesBuildPhase;
			buildActionMask = 2147483647;
			files = (
				36B09243237CCC44004D7D84 /* LaunchScreen.storyboard in Resources */,
				36B09240237CCC44004D7D84 /* Assets.xcassets in Resources */,
				36B0923E237CCC43004D7D84 /* Main.storyboard in Resources */,
				36B092C2237CD251004D7D84 /* SDL_config.h.cmake in Resources */,
				36B092C3237CD251004D7D84 /* SDL_config.h.in in Resources */,
			);
			runOnlyForDeploymentPostprocessing = 0;
		};
		36B09249237CCC44004D7D84 /* Resources */ = {
			isa = PBXResourcesBuildPhase;
			buildActionMask = 2147483647;
			files = (
			);
			runOnlyForDeploymentPostprocessing = 0;
		};
		36B09254237CCC45004D7D84 /* Resources */ = {
			isa = PBXResourcesBuildPhase;
			buildActionMask = 2147483647;
			files = (
			);
			runOnlyForDeploymentPostprocessing = 0;
		};
/* End PBXResourcesBuildPhase section */

/* Begin PBXSourcesBuildPhase section */
		36B0922F237CCC43004D7D84 /* Sources */ = {
			isa = PBXSourcesBuildPhase;
			buildActionMask = 2147483647;
			files = (
				36B0923B237CCC43004D7D84 /* ViewController.m in Sources */,
				3609D567237D975C00D7286F /* VedioDecodeThread.cpp in Sources */,
				3609D5B9237DA34100D7286F /* AyncClock.cpp in Sources */,
				3609D563237D975C00D7286F /* VideoRefreshThread.cpp in Sources */,
				3609D56A237D976B00D7286F /* PPlayer.cpp in Sources */,
				3609D564237D975C00D7286F /* AudioDecodeThread.cpp in Sources */,
				36B09246237CCC44004D7D84 /* main.m in Sources */,
				3609D565237D975C00D7286F /* AudioRefreshThread.cpp in Sources */,
				3609D566237D975C00D7286F /* DemuxThread.cpp in Sources */,
				36B09238237CCC43004D7D84 /* AppDelegate.m in Sources */,
				3609D56D237D984100D7286F /* MediaDefineInfo.cpp in Sources */,
			);
			runOnlyForDeploymentPostprocessing = 0;
		};
		36B09247237CCC44004D7D84 /* Sources */ = {
			isa = PBXSourcesBuildPhase;
			buildActionMask = 2147483647;
			files = (
				36B09250237CCC44004D7D84 /* PPlayerTests.m in Sources */,
			);
			runOnlyForDeploymentPostprocessing = 0;
		};
		36B09252237CCC45004D7D84 /* Sources */ = {
			isa = PBXSourcesBuildPhase;
			buildActionMask = 2147483647;
			files = (
				36B0925B237CCC45004D7D84 /* PPlayerUITests.m in Sources */,
			);
			runOnlyForDeploymentPostprocessing = 0;
		};
/* End PBXSourcesBuildPhase section */

/* Begin PBXTargetDependency section */
		36B0924D237CCC44004D7D84 /* PBXTargetDependency */ = {
			isa = PBXTargetDependency;
			target = 36B09232237CCC43004D7D84 /* PPlayer */;
			targetProxy = 36B0924C237CCC44004D7D84 /* PBXContainerItemProxy */;
		};
		36B09258237CCC45004D7D84 /* PBXTargetDependency */ = {
			isa = PBXTargetDependency;
			target = 36B09232237CCC43004D7D84 /* PPlayer */;
			targetProxy = 36B09257237CCC45004D7D84 /* PBXContainerItemProxy */;
		};
/* End PBXTargetDependency section */

/* Begin PBXVariantGroup section */
		36B0923C237CCC43004D7D84 /* Main.storyboard */ = {
			isa = PBXVariantGroup;
			children = (
				36B0923D237CCC43004D7D84 /* Base */,
			);
			name = Main.storyboard;
			sourceTree = "<group>";
		};
		36B09241237CCC44004D7D84 /* LaunchScreen.storyboard */ = {
			isa = PBXVariantGroup;
			children = (
				36B09242237CCC44004D7D84 /* Base */,
			);
			name = LaunchScreen.storyboard;
			sourceTree = "<group>";
		};
/* End PBXVariantGroup section */

/* Begin XCBuildConfiguration section */
		36B0925D237CCC45004D7D84 /* Debug */ = {
			isa = XCBuildConfiguration;
			buildSettings = {
				ALWAYS_SEARCH_USER_PATHS = NO;
				CLANG_ANALYZER_NONNULL = YES;
				CLANG_ANALYZER_NUMBER_OBJECT_CONVERSION = YES_AGGRESSIVE;
				CLANG_CXX_LANGUAGE_STANDARD = "gnu++14";
				CLANG_CXX_LIBRARY = "libc++";
				CLANG_ENABLE_MODULES = YES;
				CLANG_ENABLE_OBJC_ARC = YES;
				CLANG_ENABLE_OBJC_WEAK = YES;
				CLANG_WARN_BLOCK_CAPTURE_AUTORELEASING = YES;
				CLANG_WARN_BOOL_CONVERSION = YES;
				CLANG_WARN_COMMA = YES;
				CLANG_WARN_CONSTANT_CONVERSION = YES;
				CLANG_WARN_DEPRECATED_OBJC_IMPLEMENTATIONS = YES;
				CLANG_WARN_DIRECT_OBJC_ISA_USAGE = YES_ERROR;
				CLANG_WARN_DOCUMENTATION_COMMENTS = YES;
				CLANG_WARN_EMPTY_BODY = YES;
				CLANG_WARN_ENUM_CONVERSION = YES;
				CLANG_WARN_INFINITE_RECURSION = YES;
				CLANG_WARN_INT_CONVERSION = YES;
				CLANG_WARN_NON_LITERAL_NULL_CONVERSION = YES;
				CLANG_WARN_OBJC_IMPLICIT_RETAIN_SELF = YES;
				CLANG_WARN_OBJC_LITERAL_CONVERSION = YES;
				CLANG_WARN_OBJC_ROOT_CLASS = YES_ERROR;
				CLANG_WARN_RANGE_LOOP_ANALYSIS = YES;
				CLANG_WARN_STRICT_PROTOTYPES = YES;
				CLANG_WARN_SUSPICIOUS_MOVE = YES;
				CLANG_WARN_UNGUARDED_AVAILABILITY = YES_AGGRESSIVE;
				CLANG_WARN_UNREACHABLE_CODE = YES;
				CLANG_WARN__DUPLICATE_METHOD_MATCH = YES;
				CODE_SIGN_IDENTITY = "iPhone Developer";
				COPY_PHASE_STRIP = NO;
				DEBUG_INFORMATION_FORMAT = dwarf;
				ENABLE_STRICT_OBJC_MSGSEND = YES;
				ENABLE_TESTABILITY = YES;
				GCC_C_LANGUAGE_STANDARD = gnu11;
				GCC_DYNAMIC_NO_PIC = NO;
				GCC_NO_COMMON_BLOCKS = YES;
				GCC_OPTIMIZATION_LEVEL = 0;
				GCC_PREPROCESSOR_DEFINITIONS = (
					"DEBUG=1",
					"$(inherited)",
				);
				GCC_WARN_64_TO_32_BIT_CONVERSION = YES;
				GCC_WARN_ABOUT_RETURN_TYPE = YES_ERROR;
				GCC_WARN_UNDECLARED_SELECTOR = YES;
				GCC_WARN_UNINITIALIZED_AUTOS = YES_AGGRESSIVE;
				GCC_WARN_UNUSED_FUNCTION = YES;
				GCC_WARN_UNUSED_VARIABLE = YES;
				IPHONEOS_DEPLOYMENT_TARGET = 12.4;
				MTL_ENABLE_DEBUG_INFO = INCLUDE_SOURCE;
				MTL_FAST_MATH = YES;
				ONLY_ACTIVE_ARCH = YES;
				SDKROOT = iphoneos;
			};
			name = Debug;
		};
		36B0925E237CCC45004D7D84 /* Release */ = {
			isa = XCBuildConfiguration;
			buildSettings = {
				ALWAYS_SEARCH_USER_PATHS = NO;
				CLANG_ANALYZER_NONNULL = YES;
				CLANG_ANALYZER_NUMBER_OBJECT_CONVERSION = YES_AGGRESSIVE;
				CLANG_CXX_LANGUAGE_STANDARD = "gnu++14";
				CLANG_CXX_LIBRARY = "libc++";
				CLANG_ENABLE_MODULES = YES;
				CLANG_ENABLE_OBJC_ARC = YES;
				CLANG_ENABLE_OBJC_WEAK = YES;
				CLANG_WARN_BLOCK_CAPTURE_AUTORELEASING = YES;
				CLANG_WARN_BOOL_CONVERSION = YES;
				CLANG_WARN_COMMA = YES;
				CLANG_WARN_CONSTANT_CONVERSION = YES;
				CLANG_WARN_DEPRECATED_OBJC_IMPLEMENTATIONS = YES;
				CLANG_WARN_DIRECT_OBJC_ISA_USAGE = YES_ERROR;
				CLANG_WARN_DOCUMENTATION_COMMENTS = YES;
				CLANG_WARN_EMPTY_BODY = YES;
				CLANG_WARN_ENUM_CONVERSION = YES;
				CLANG_WARN_INFINITE_RECURSION = YES;
				CLANG_WARN_INT_CONVERSION = YES;
				CLANG_WARN_NON_LITERAL_NULL_CONVERSION = YES;
				CLANG_WARN_OBJC_IMPLICIT_RETAIN_SELF = YES;
				CLANG_WARN_OBJC_LITERAL_CONVERSION = YES;
				CLANG_WARN_OBJC_ROOT_CLASS = YES_ERROR;
				CLANG_WARN_RANGE_LOOP_ANALYSIS = YES;
				CLANG_WARN_STRICT_PROTOTYPES = YES;
				CLANG_WARN_SUSPICIOUS_MOVE = YES;
				CLANG_WARN_UNGUARDED_AVAILABILITY = YES_AGGRESSIVE;
				CLANG_WARN_UNREACHABLE_CODE = YES;
				CLANG_WARN__DUPLICATE_METHOD_MATCH = YES;
				CODE_SIGN_IDENTITY = "iPhone Developer";
				COPY_PHASE_STRIP = NO;
				DEBUG_INFORMATION_FORMAT = "dwarf-with-dsym";
				ENABLE_NS_ASSERTIONS = NO;
				ENABLE_STRICT_OBJC_MSGSEND = YES;
				GCC_C_LANGUAGE_STANDARD = gnu11;
				GCC_NO_COMMON_BLOCKS = YES;
				GCC_WARN_64_TO_32_BIT_CONVERSION = YES;
				GCC_WARN_ABOUT_RETURN_TYPE = YES_ERROR;
				GCC_WARN_UNDECLARED_SELECTOR = YES;
				GCC_WARN_UNINITIALIZED_AUTOS = YES_AGGRESSIVE;
				GCC_WARN_UNUSED_FUNCTION = YES;
				GCC_WARN_UNUSED_VARIABLE = YES;
				IPHONEOS_DEPLOYMENT_TARGET = 12.4;
				MTL_ENABLE_DEBUG_INFO = NO;
				MTL_FAST_MATH = YES;
				SDKROOT = iphoneos;
				VALIDATE_PRODUCT = YES;
			};
			name = Release;
		};
		36B09260237CCC45004D7D84 /* Debug */ = {
			isa = XCBuildConfiguration;
			buildSettings = {
				ASSETCATALOG_COMPILER_APPICON_NAME = AppIcon;
				CODE_SIGN_STYLE = Automatic;
				DEVELOPMENT_TEAM = 233YFHV8C6;
				HEADER_SEARCH_PATHS = (
					"$(inherited)",
					"\"$(SRCROOT)/PPlayer/FFmpeg-iOS/include\"",
					"\"$(SRCROOT)/PPlayer/SDL2/include\"",
					"\"$(SRCROOT)/PPlayer/x264-iOS/include\"",
					"\"$(SRCROOT)/PPlayer/fdk-aac-ios/include\"",
				);
				INFOPLIST_FILE = PPlayer/Info.plist;
				IPHONEOS_DEPLOYMENT_TARGET = 12.1;
				LD_RUNPATH_SEARCH_PATHS = (
					"$(inherited)",
					"@executable_path/Frameworks",
				);
				LIBRARY_SEARCH_PATHS = (
					"$(inherited)",
					"$(PROJECT_DIR)/PPlayer/SDL2/lib",
					"$(PROJECT_DIR)/PPlayer/FFmpeg-iOS/lib",
					"$(PROJECT_DIR)/PPlayer/x264-iOS/lib",
					"$(PROJECT_DIR)/PPlayer/fdk-aac-ios/lib",
				);
				PRODUCT_BUNDLE_IDENTIFIER = KevinQiu.PPlayer;
				PRODUCT_NAME = "$(TARGET_NAME)";
				TARGETED_DEVICE_FAMILY = "1,2";
			};
			name = Debug;
		};
		36B09261237CCC45004D7D84 /* Release */ = {
			isa = XCBuildConfiguration;
			buildSettings = {
				ASSETCATALOG_COMPILER_APPICON_NAME = AppIcon;
				CODE_SIGN_STYLE = Automatic;
				DEVELOPMENT_TEAM = 233YFHV8C6;
				HEADER_SEARCH_PATHS = (
					"$(inherited)",
					"\"$(SRCROOT)/PPlayer/FFmpeg-iOS/include\"",
					"\"$(SRCROOT)/PPlayer/SDL2/include\"",
					"\"$(SRCROOT)/PPlayer/x264-iOS/include\"",
					"\"$(SRCROOT)/PPlayer/fdk-aac-ios/include\"",
				);
				INFOPLIST_FILE = PPlayer/Info.plist;
				IPHONEOS_DEPLOYMENT_TARGET = 12.1;
				LD_RUNPATH_SEARCH_PATHS = (
					"$(inherited)",
					"@executable_path/Frameworks",
				);
				LIBRARY_SEARCH_PATHS = (
					"$(inherited)",
					"$(PROJECT_DIR)/PPlayer/SDL2/lib",
					"$(PROJECT_DIR)/PPlayer/FFmpeg-iOS/lib",
					"$(PROJECT_DIR)/PPlayer/x264-iOS/lib",
					"$(PROJECT_DIR)/PPlayer/fdk-aac-ios/lib",
				);
				PRODUCT_BUNDLE_IDENTIFIER = KevinQiu.PPlayer;
				PRODUCT_NAME = "$(TARGET_NAME)";
				TARGETED_DEVICE_FAMILY = "1,2";
			};
			name = Release;
		};
		36B09263237CCC45004D7D84 /* Debug */ = {
			isa = XCBuildConfiguration;
			buildSettings = {
				BUNDLE_LOADER = "$(TEST_HOST)";
				CODE_SIGN_STYLE = Automatic;
				INFOPLIST_FILE = PPlayerTests/Info.plist;
				LD_RUNPATH_SEARCH_PATHS = (
					"$(inherited)",
					"@executable_path/Frameworks",
					"@loader_path/Frameworks",
				);
				PRODUCT_BUNDLE_IDENTIFIER = KevinQiu.PPlayerTests;
				PRODUCT_NAME = "$(TARGET_NAME)";
				TARGETED_DEVICE_FAMILY = "1,2";
				TEST_HOST = "$(BUILT_PRODUCTS_DIR)/PPlayer.app/PPlayer";
			};
			name = Debug;
		};
		36B09264237CCC45004D7D84 /* Release */ = {
			isa = XCBuildConfiguration;
			buildSettings = {
				BUNDLE_LOADER = "$(TEST_HOST)";
				CODE_SIGN_STYLE = Automatic;
				INFOPLIST_FILE = PPlayerTests/Info.plist;
				LD_RUNPATH_SEARCH_PATHS = (
					"$(inherited)",
					"@executable_path/Frameworks",
					"@loader_path/Frameworks",
				);
				PRODUCT_BUNDLE_IDENTIFIER = KevinQiu.PPlayerTests;
				PRODUCT_NAME = "$(TARGET_NAME)";
				TARGETED_DEVICE_FAMILY = "1,2";
				TEST_HOST = "$(BUILT_PRODUCTS_DIR)/PPlayer.app/PPlayer";
			};
			name = Release;
		};
		36B09266237CCC45004D7D84 /* Debug */ = {
			isa = XCBuildConfiguration;
			buildSettings = {
				CODE_SIGN_STYLE = Automatic;
				INFOPLIST_FILE = PPlayerUITests/Info.plist;
				LD_RUNPATH_SEARCH_PATHS = (
					"$(inherited)",
					"@executable_path/Frameworks",
					"@loader_path/Frameworks",
				);
				PRODUCT_BUNDLE_IDENTIFIER = KevinQiu.PPlayerUITests;
				PRODUCT_NAME = "$(TARGET_NAME)";
				TARGETED_DEVICE_FAMILY = "1,2";
				TEST_TARGET_NAME = PPlayer;
			};
			name = Debug;
		};
		36B09267237CCC45004D7D84 /* Release */ = {
			isa = XCBuildConfiguration;
			buildSettings = {
				CODE_SIGN_STYLE = Automatic;
				INFOPLIST_FILE = PPlayerUITests/Info.plist;
				LD_RUNPATH_SEARCH_PATHS = (
					"$(inherited)",
					"@executable_path/Frameworks",
					"@loader_path/Frameworks",
				);
				PRODUCT_BUNDLE_IDENTIFIER = KevinQiu.PPlayerUITests;
				PRODUCT_NAME = "$(TARGET_NAME)";
				TARGETED_DEVICE_FAMILY = "1,2";
				TEST_TARGET_NAME = PPlayer;
			};
			name = Release;
		};
/* End XCBuildConfiguration section */

/* Begin XCConfigurationList section */
		36B0922E237CCC43004D7D84 /* Build configuration list for PBXProject "PPlayer" */ = {
			isa = XCConfigurationList;
			buildConfigurations = (
				36B0925D237CCC45004D7D84 /* Debug */,
				36B0925E237CCC45004D7D84 /* Release */,
			);
			defaultConfigurationIsVisible = 0;
			defaultConfigurationName = Release;
		};
		36B0925F237CCC45004D7D84 /* Build configuration list for PBXNativeTarget "PPlayer" */ = {
			isa = XCConfigurationList;
			buildConfigurations = (
				36B09260237CCC45004D7D84 /* Debug */,
				36B09261237CCC45004D7D84 /* Release */,
			);
			defaultConfigurationIsVisible = 0;
			defaultConfigurationName = Release;
		};
		36B09262237CCC45004D7D84 /* Build configuration list for PBXNativeTarget "PPlayerTests" */ = {
			isa = XCConfigurationList;
			buildConfigurations = (
				36B09263237CCC45004D7D84 /* Debug */,
				36B09264237CCC45004D7D84 /* Release */,
			);
			defaultConfigurationIsVisible = 0;
			defaultConfigurationName = Release;
		};
		36B09265237CCC45004D7D84 /* Build configuration list for PBXNativeTarget "PPlayerUITests" */ = {
			isa = XCConfigurationList;
			buildConfigurations = (
				36B09266237CCC45004D7D84 /* Debug */,
				36B09267237CCC45004D7D84 /* Release */,
			);
			defaultConfigurationIsVisible = 0;
			defaultConfigurationName = Release;
		};
/* End XCConfigurationList section */
	};
	rootObject = 36B0922B237CCC43004D7D84 /* Project object */;
}
